Microsoft Visual Studio Solution File, Format Version 12.00
# Visual Studio 14
Project("{8BC9CEB8-8B4A-11D0-8D11-00A0C91BC942}") = "ALL_BUILD", "ALL_BUILD.vcxproj", "{C527CCA5-99DE-374A-A0AE-8958BED6D11B}"
	ProjectSection(ProjectDependencies) = postProject
		{BD847538-23D6-38C4-A66F-9DB068F41F59} = {BD847538-23D6-38C4-A66F-9DB068F41F59}
		{8F4516B8-07CC-3311-98F9-B230172E747C} = {8F4516B8-07CC-3311-98F9-B230172E747C}
	EndProjectSection
EndProject
Project("{8BC9CEB8-8B4A-11D0-8D11-00A0C91BC942}") = "INSTALL", "INSTALL.vcxproj", "{2BFDCB8F-620C-3B51-88CA-A8D8BE35F36C}"
	ProjectSection(ProjectDependencies) = postProject
		{C527CCA5-99DE-374A-A0AE-8958BED6D11B} = {C527CCA5-99DE-374A-A0AE-8958BED6D11B}
		{BD847538-23D6-38C4-A66F-9DB068F41F59} = {BD847538-23D6-38C4-A66F-9DB068F41F59}
	EndProjectSection
EndProject
Project("{8BC9CEB8-8B4A-11D0-8D11-00A0C91BC942}") = "PACKAGE", "PACKAGE.vcxproj", "{3C5E33A7-AEAF-357D-8433-2B4D09EF1C1F}"
	ProjectSection(ProjectDependencies) = postProject
		{C527CCA5-99DE-374A-A0AE-8958BED6D11B} = {C527CCA5-99DE-374A-A0AE-8958BED6D11B}
		{BD847538-23D6-38C4-A66F-9DB068F41F59} = {BD847538-23D6-38C4-A66F-9DB068F41F59}
	EndProjectSection
EndProject
Project("{8BC9CEB8-8B4A-11D0-8D11-00A0C91BC942}") = "ZERO_CHECK", "..\..\\ZERO_CHECK.vcxproj", "{BD847538-23D6-38C4-A66F-9DB068F41F59}"
	ProjectSection(ProjectDependencies) = postProject
	EndProjectSection
EndProject
Project("{8BC9CEB8-8B4A-11D0-8D11-00A0C91BC942}") = "jansson", "..\..\deps\jansson\jansson.vcxproj", "{7940F5F8-C71C-3426-ABA1-58BFE5C29BEC}"
	ProjectSection(ProjectDependencies) = postProject
		{BD847538-23D6-38C4-A66F-9DB068F41F59} = {BD847538-23D6-38C4-A66F-9DB068F41F59}
	EndProjectSection
EndProject
Project("{8BC9CEB8-8B4A-11D0-8D11-00A0C91BC942}") = "libobs", "..\..\libobs\libobs.vcxproj", "{5FC4961E-C047-3FD4-B46D-FF6953040773}"
	ProjectSection(ProjectDependencies) = postProject
		{BD847538-23D6-38C4-A66F-9DB068F41F59} = {BD847538-23D6-38C4-A66F-9DB068F41F59}
		{7940F5F8-C71C-3426-ABA1-58BFE5C29BEC} = {7940F5F8-C71C-3426-ABA1-58BFE5C29BEC}
		{89C66847-426C-33C8-89FA-3FFDC8E23830} = {89C66847-426C-33C8-89FA-3FFDC8E23830}
	EndProjectSection
EndProject
Project("{8BC9CEB8-8B4A-11D0-8D11-00A0C91BC942}") = "obs-text", "obs-text.vcxproj", "{8F4516B8-07CC-3311-98F9-B230172E747C}"
	ProjectSection(ProjectDependencies) = postProject
		{BD847538-23D6-38C4-A66F-9DB068F41F59} = {BD847538-23D6-38C4-A66F-9DB068F41F59}
		{5FC4961E-C047-3FD4-B46D-FF6953040773} = {5FC4961E-C047-3FD4-B46D-FF6953040773}
	EndProjectSection
EndProject
Project("{8BC9CEB8-8B4A-11D0-8D11-00A0C91BC942}") = "w32-pthreads", "..\..\deps\w32-pthreads\w32-pthreads.vcxproj", "{89C66847-426C-33C8-89FA-3FFDC8E23830}"
	ProjectSection(ProjectDependencies) = postProject
		{BD847538-23D6-38C4-A66F-9DB068F41F59} = {BD847538-23D6-38C4-A66F-9DB068F41F59}
	EndProjectSection
EndProject
Global
	GlobalSection(SolutionConfigurationPlatforms) = preSolution
		Debug|Win32 = Debug|Win32
		Release|Win32 = Release|Win32
		MinSizeRel|Win32 = MinSizeRel|Win32
		RelWithDebInfo|Win32 = RelWithDebInfo|Win32
	EndGlobalSection
	GlobalSection(ProjectConfigurationPlatforms) = postSolution
		{C527CCA5-99DE-374A-A0AE-8958BED6D11B}.Debug|Win32.ActiveCfg = Debug|Win32
		{C527CCA5-99DE-374A-A0AE-8958BED6D11B}.Debug|Win32.Build.0 = Debug|Win32
		{C527CCA5-99DE-374A-A0AE-8958BED6D11B}.Release|Win32.ActiveCfg = Release|Win32
		{C527CCA5-99DE-374A-A0AE-8958BED6D11B}.Release|Win32.Build.0 = Release|Win32
		{C527CCA5-99DE-374A-A0AE-8958BED6D11B}.MinSizeRel|Win32.ActiveCfg = MinSizeRel|Win32
		{C527CCA5-99DE-374A-A0AE-8958BED6D11B}.MinSizeRel|Win32.Build.0 = MinSizeRel|Win32
		{C527CCA5-99DE-374A-A0AE-8958BED6D11B}.RelWithDebInfo|Win32.ActiveCfg = RelWithDebInfo|Win32
		{C527CCA5-99DE-374A-A0AE-8958BED6D11B}.RelWithDebInfo|Win32.Build.0 = RelWithDebInfo|Win32
		{2BFDCB8F-620C-3B51-88CA-A8D8BE35F36C}.Debug|Win32.ActiveCfg = Debug|Win32
		{2BFDCB8F-620C-3B51-88CA-A8D8BE35F36C}.Release|Win32.ActiveCfg = Release|Win32
		{2BFDCB8F-620C-3B51-88CA-A8D8BE35F36C}.MinSizeRel|Win32.ActiveCfg = MinSizeRel|Win32
		{2BFDCB8F-620C-3B51-88CA-A8D8BE35F36C}.RelWithDebInfo|Win32.ActiveCfg = RelWithDebInfo|Win32
		{3C5E33A7-AEAF-357D-8433-2B4D09EF1C1F}.Debug|Win32.ActiveCfg = Debug|Win32
		{3C5E33A7-AEAF-357D-8433-2B4D09EF1C1F}.Release|Win32.ActiveCfg = Release|Win32
		{3C5E33A7-AEAF-357D-8433-2B4D09EF1C1F}.MinSizeRel|Win32.ActiveCfg = MinSizeRel|Win32
		{3C5E33A7-AEAF-357D-8433-2B4D09EF1C1F}.RelWithDebInfo|Win32.ActiveCfg = RelWithDebInfo|Win32
		{BD847538-23D6-38C4-A66F-9DB068F41F59}.Debug|Win32.ActiveCfg = Debug|Win32
		{BD847538-23D6-38C4-A66F-9DB068F41F59}.Debug|Win32.Build.0 = Debug|Win32
		{BD847538-23D6-38C4-A66F-9DB068F41F59}.Release|Win32.ActiveCfg = Release|Win32
		{BD847538-23D6-38C4-A66F-9DB068F41F59}.Release|Win32.Build.0 = Release|Win32
		{BD847538-23D6-38C4-A66F-9DB068F41F59}.MinSizeRel|Win32.ActiveCfg = MinSizeRel|Win32
		{BD847538-23D6-38C4-A66F-9DB068F41F59}.MinSizeRel|Win32.Build.0 = MinSizeRel|Win32
		{BD847538-23D6-38C4-A66F-9DB068F41F59}.RelWithDebInfo|Win32.ActiveCfg = RelWithDebInfo|Win32
		{BD847538-23D6-38C4-A66F-9DB068F41F59}.RelWithDebInfo|Win32.Build.0 = RelWithDebInfo|Win32
		{7940F5F8-C71C-3426-ABA1-58BFE5C29BEC}.Debug|Win32.ActiveCfg = Debug|Win32
		{7940F5F8-C71C-3426-ABA1-58BFE5C29BEC}.Debug|Win32.Build.0 = Debug|Win32
		{7940F5F8-C71C-3426-ABA1-58BFE5C29BEC}.Release|Win32.ActiveCfg = Release|Win32
		{7940F5F8-C71C-3426-ABA1-58BFE5C29BEC}.Release|Win32.Build.0 = Release|Win32
		{7940F5F8-C71C-3426-ABA1-58BFE5C29BEC}.MinSizeRel|Win32.ActiveCfg = MinSizeRel|Win32
		{7940F5F8-C71C-3426-ABA1-58BFE5C29BEC}.MinSizeRel|Win32.Build.0 = MinSizeRel|Win32
		{7940F5F8-C71C-3426-ABA1-58BFE5C29BEC}.RelWithDebInfo|Win32.ActiveCfg = RelWithDebInfo|Win32
		{7940F5F8-C71C-3426-ABA1-58BFE5C29BEC}.RelWithDebInfo|Win32.Build.0 = RelWithDebInfo|Win32
		{5FC4961E-C047-3FD4-B46D-FF6953040773}.Debug|Win32.ActiveCfg = Debug|Win32
		{5FC4961E-C047-3FD4-B46D-FF6953040773}.Debug|Win32.Build.0 = Debug|Win32
		{5FC4961E-C047-3FD4-B46D-FF6953040773}.Release|Win32.ActiveCfg = Release|Win32
		{5FC4961E-C047-3FD4-B46D-FF6953040773}.Release|Win32.Build.0 = Release|Win32
		{5FC4961E-C047-3FD4-B46D-FF6953040773}.MinSizeRel|Win32.ActiveCfg = MinSizeRel|Win32
		{5FC4961E-C047-3FD4-B46D-FF6953040773}.MinSizeRel|Win32.Build.0 = MinSizeRel|Win32
		{5FC4961E-C047-3FD4-B46D-FF6953040773}.RelWithDebInfo|Win32.ActiveCfg = RelWithDebInfo|Win32
		{5FC4961E-C047-3FD4-B46D-FF6953040773}.RelWithDebInfo|Win32.Build.0 = RelWithDebInfo|Win32
		{8F4516B8-07CC-3311-98F9-B230172E747C}.Debug|Win32.ActiveCfg = Debug|Win32
		{8F4516B8-07CC-3311-98F9-B230172E747C}.Debug|Win32.Build.0 = Debug|Win32
		{8F4516B8-07CC-3311-98F9-B230172E747C}.Release|Win32.ActiveCfg = Release|Win32
		{8F4516B8-07CC-3311-98F9-B230172E747C}.Release|Win32.Build.0 = Release|Win32
		{8F4516B8-07CC-3311-98F9-B230172E747C}.MinSizeRel|Win32.ActiveCfg = MinSizeRel|Win32
		{8F4516B8-07CC-3311-98F9-B230172E747C}.MinSizeRel|Win32.Build.0 = MinSizeRel|Win32
		{8F4516B8-07CC-3311-98F9-B230172E747C}.RelWithDebInfo|Win32.ActiveCfg = RelWithDebInfo|Win32
		{8F4516B8-07CC-3311-98F9-B230172E747C}.RelWithDebInfo|Win32.Build.0 = RelWithDebInfo|Win32
		{89C66847-426C-33C8-89FA-3FFDC8E23830}.Debug|Win32.ActiveCfg = Debug|Win32
		{89C66847-426C-33C8-89FA-3FFDC8E23830}.Debug|Win32.Build.0 = Debug|Win32
		{89C66847-426C-33C8-89FA-3FFDC8E23830}.Release|Win32.ActiveCfg = Release|Win32
		{89C66847-426C-33C8-89FA-3FFDC8E23830}.Release|Win32.Build.0 = Release|Win32
		{89C66847-426C-33C8-89FA-3FFDC8E23830}.MinSizeRel|Win32.ActiveCfg = MinSizeRel|Win32
		{89C66847-426C-33C8-89FA-3FFDC8E23830}.MinSizeRel|Win32.Build.0 = MinSizeRel|Win32
		{89C66847-426C-33C8-89FA-3FFDC8E23830}.RelWithDebInfo|Win32.ActiveCfg = RelWithDebInfo|Win32
		{89C66847-426C-33C8-89FA-3FFDC8E23830}.RelWithDebInfo|Win32.Build.0 = RelWithDebInfo|Win32
	EndGlobalSection
	GlobalSection(ExtensibilityGlobals) = postSolution
		SolutionGuid = {B9019900-0A1C-3FBB-96A3-BEE9AD67DC32}
	EndGlobalSection
	GlobalSection(ExtensibilityAddIns) = postSolution
	EndGlobalSection
EndGlobal
