<?xml version="1.0" encoding="utf-8"?>
<Project ToolsVersion="14.0" xmlns="http://schemas.microsoft.com/developer/msbuild/2003">
  <ItemGroup>
    <CustomBuild Include="F:\obs-studio\vsbuild\CMakeFiles\096b223168b4824de81ad7e4f789cd1e\INSTALL_force.rule">
      <Filter>CMake Rules</Filter>
    </CustomBuild>
  </ItemGroup>
  <ItemGroup>
    <Filter Include="CMake Rules">
      <UniqueIdentifier>{E05FB997-8715-3FF0-9733-F20474AD3D53}</UniqueIdentifier>
    </Filter>
  </ItemGroup>
</Project>
