<?xml version="1.0" encoding="utf-8"?>
<Project ToolsVersion="14.0" xmlns="http://schemas.microsoft.com/developer/msbuild/2003">
  <ItemGroup>
    <ClCompile Include="F:\obs-studio\UI\obs-frontend-api\obs-frontend-api.cpp">
      <Filter>Source Files</Filter>
    </ClCompile>
  </ItemGroup>
  <ItemGroup>
    <ClInclude Include="F:\obs-studio\UI\obs-frontend-api\obs-frontend-internal.hpp">
      <Filter>Header Files</Filter>
    </ClInclude>
    <ClInclude Include="F:\obs-studio\UI\obs-frontend-api\obs-frontend-api.h">
      <Filter>Header Files</Filter>
    </ClInclude>
  </ItemGroup>
  <ItemGroup>
    <CustomBuild Include="F:\obs-studio\UI\obs-frontend-api\CMakeLists.txt" />
  </ItemGroup>
  <ItemGroup>
    <Filter Include="Header Files">
      <UniqueIdentifier>{968E2936-33D8-30CF-B275-F7AF31F145D0}</UniqueIdentifier>
    </Filter>
    <Filter Include="Source Files">
      <UniqueIdentifier>{BAE9B2A1-A973-37CF-877F-11FEA875FA98}</UniqueIdentifier>
    </Filter>
  </ItemGroup>
</Project>
