<?xml version="1.0" encoding="utf-8"?>
<Project ToolsVersion="14.0" xmlns="http://schemas.microsoft.com/developer/msbuild/2003">
  <ItemGroup>
    <ClCompile Include="F:\obs-studio\plugins\obs-transitions\obs-transitions.c">
      <Filter>Source Files</Filter>
    </ClCompile>
    <ClCompile Include="F:\obs-studio\plugins\obs-transitions\transition-slide.c">
      <Filter>Source Files</Filter>
    </ClCompile>
    <ClCompile Include="F:\obs-studio\plugins\obs-transitions\transition-swipe.c">
      <Filter>Source Files</Filter>
    </ClCompile>
    <ClCompile Include="F:\obs-studio\plugins\obs-transitions\transition-fade.c">
      <Filter>Source Files</Filter>
    </ClCompile>
    <ClCompile Include="F:\obs-studio\plugins\obs-transitions\transition-cut.c">
      <Filter>Source Files</Filter>
    </ClCompile>
    <ClCompile Include="F:\obs-studio\plugins\obs-transitions\transition-fade-to-color.c">
      <Filter>Source Files</Filter>
    </ClCompile>
    <ClCompile Include="F:\obs-studio\plugins\obs-transitions\transition-luma-wipe.c">
      <Filter>Source Files</Filter>
    </ClCompile>
    <ClCompile Include="F:\obs-studio\plugins\obs-transitions\transition-stinger.c">
      <Filter>Source Files</Filter>
    </ClCompile>
  </ItemGroup>
  <ItemGroup>
    <CustomBuild Include="F:\obs-studio\plugins\obs-transitions\CMakeLists.txt" />
  </ItemGroup>
  <ItemGroup>
    <Filter Include="Source Files">
      <UniqueIdentifier>{BAE9B2A1-A973-37CF-877F-11FEA875FA98}</UniqueIdentifier>
    </Filter>
  </ItemGroup>
</Project>
