<?xml version="1.0" encoding="utf-8"?>
<Project ToolsVersion="14.0" xmlns="http://schemas.microsoft.com/developer/msbuild/2003">
  <ItemGroup>
    <ClCompile Include="F:\obs-studio\plugins\decklink\plugin-main.cpp">
      <Filter>Source Files</Filter>
    </ClCompile>
    <ClCompile Include="F:\obs-studio\plugins\decklink\decklink-devices.cpp">
      <Filter>Source Files</Filter>
    </ClCompile>
    <ClCompile Include="F:\obs-studio\plugins\decklink\DecklinkOutput.cpp">
      <Filter>Source Files</Filter>
    </ClCompile>
    <ClCompile Include="F:\obs-studio\plugins\decklink\decklink-source.cpp">
      <Filter>Source Files</Filter>
    </ClCompile>
    <ClCompile Include="F:\obs-studio\plugins\decklink\decklink-output.cpp">
      <Filter>Source Files</Filter>
    </ClCompile>
    <ClCompile Include="F:\obs-studio\plugins\decklink\DecklinkInput.cpp">
      <Filter>Source Files</Filter>
    </ClCompile>
    <ClCompile Include="F:\obs-studio\plugins\decklink\DecklinkBase.cpp">
      <Filter>Source Files</Filter>
    </ClCompile>
    <ClCompile Include="F:\obs-studio\plugins\decklink\decklink-device-instance.cpp">
      <Filter>Source Files</Filter>
    </ClCompile>
    <ClCompile Include="F:\obs-studio\plugins\decklink\decklink-device-discovery.cpp">
      <Filter>Source Files</Filter>
    </ClCompile>
    <ClCompile Include="F:\obs-studio\plugins\decklink\decklink-device.cpp">
      <Filter>Source Files</Filter>
    </ClCompile>
    <ClCompile Include="F:\obs-studio\plugins\decklink\decklink-device-mode.cpp">
      <Filter>Source Files</Filter>
    </ClCompile>
    <ClCompile Include="F:\obs-studio\plugins\decklink\audio-repack.c">
      <Filter>Source Files</Filter>
    </ClCompile>
    <ClCompile Include="F:\obs-studio\plugins\decklink\win\platform.cpp">
      <Filter>Source Files</Filter>
    </ClCompile>
    <ClCompile Include="F:\obs-studio\plugins\decklink\util.cpp">
      <Filter>Source Files</Filter>
    </ClCompile>
    <ClCompile Include="F:\obs-studio\vsbuild\plugins\decklink\win\DeckLinkAPI_i.c">
      <Filter>Source Files</Filter>
    </ClCompile>
  </ItemGroup>
  <ItemGroup>
    <ClInclude Include="F:\obs-studio\plugins\decklink\decklink-devices.hpp">
      <Filter>Header Files</Filter>
    </ClInclude>
    <ClInclude Include="F:\obs-studio\plugins\decklink\DecklinkOutput.hpp">
      <Filter>Header Files</Filter>
    </ClInclude>
    <ClInclude Include="F:\obs-studio\plugins\decklink\const.h">
      <Filter>Header Files</Filter>
    </ClInclude>
    <ClInclude Include="F:\obs-studio\plugins\decklink\platform.hpp">
      <Filter>Header Files</Filter>
    </ClInclude>
    <ClInclude Include="F:\obs-studio\plugins\decklink\DecklinkInput.hpp">
      <Filter>Header Files</Filter>
    </ClInclude>
    <ClInclude Include="F:\obs-studio\plugins\decklink\DecklinkBase.h">
      <Filter>Header Files</Filter>
    </ClInclude>
    <ClInclude Include="F:\obs-studio\plugins\decklink\decklink-device-instance.hpp">
      <Filter>Header Files</Filter>
    </ClInclude>
    <ClInclude Include="F:\obs-studio\plugins\decklink\decklink-device-discovery.hpp">
      <Filter>Header Files</Filter>
    </ClInclude>
    <ClInclude Include="F:\obs-studio\plugins\decklink\decklink-device.hpp">
      <Filter>Header Files</Filter>
    </ClInclude>
    <ClInclude Include="F:\obs-studio\plugins\decklink\decklink-device-mode.hpp">
      <Filter>Header Files</Filter>
    </ClInclude>
    <ClInclude Include="F:\obs-studio\plugins\decklink\audio-repack.h">
      <Filter>Header Files</Filter>
    </ClInclude>
    <ClInclude Include="F:\obs-studio\plugins\decklink\audio-repack.hpp">
      <Filter>Header Files</Filter>
    </ClInclude>
    <ClInclude Include="F:\obs-studio\plugins\decklink\util.hpp">
      <Filter>Header Files</Filter>
    </ClInclude>
    <ClInclude Include="F:\obs-studio\plugins\decklink\win\decklink-sdk\DeckLinkAPIVersion.h">
      <Filter>Header Files</Filter>
    </ClInclude>
    <ClInclude Include="F:\obs-studio\vsbuild\plugins\decklink\win\DeckLinkAPI.h">
      <Filter>Header Files</Filter>
    </ClInclude>
  </ItemGroup>
  <ItemGroup>
    <CustomBuild Include="F:\obs-studio\vsbuild\CMakeFiles\e8e842ea56fe7bdef4bf9ead59ed75d8\DeckLinkAPI.h.rule">
      <Filter>CMake Rules</Filter>
    </CustomBuild>
    <CustomBuild Include="F:\obs-studio\plugins\decklink\win\CMakeLists.txt" />
  </ItemGroup>
  <ItemGroup>
    <Filter Include="CMake Rules">
      <UniqueIdentifier>{E05FB997-8715-3FF0-9733-F20474AD3D53}</UniqueIdentifier>
    </Filter>
    <Filter Include="Header Files">
      <UniqueIdentifier>{968E2936-33D8-30CF-B275-F7AF31F145D0}</UniqueIdentifier>
    </Filter>
    <Filter Include="Source Files">
      <UniqueIdentifier>{BAE9B2A1-A973-37CF-877F-11FEA875FA98}</UniqueIdentifier>
    </Filter>
  </ItemGroup>
</Project>
