Microsoft Visual Studio Solution File, Format Version 12.00
# Visual Studio 14
VisualStudioVersion = 14.0.25420.1
MinimumVisualStudioVersion = 10.0.40219.1
Project("{8BC9CEB8-8B4A-11D0-8D11-00A0C91BC942}") = "ALL_BUILD", "ALL_BUILD.vcxproj", "{C527CCA5-99DE-374A-A0AE-8958BED6D11B}"
	ProjectSection(ProjectDependencies) = postProject
		{BD847538-23D6-38C4-A66F-9DB068F41F59} = {BD847538-23D6-38C4-A66F-9DB068F41F59}
		{960E058A-F8B9-3412-A176-16F754782671} = {960E058A-F8B9-3412-A176-16F754782671}
		{9D80AEA0-3AD1-3251-B800-08628337EE90} = {9D80AEA0-3AD1-3251-B800-08628337EE90}
		{999FF5F5-C8E4-340E-9F24-3E2CD0EE3B0E} = {999FF5F5-C8E4-340E-9F24-3E2CD0EE3B0E}
		{876B979F-C634-33B2-A771-624B69E85B00} = {876B979F-C634-33B2-A771-624B69E85B00}
		{EC8C780E-F443-335D-BEDE-1083AD0AE1D5} = {EC8C780E-F443-335D-BEDE-1083AD0AE1D5}
		{7EC10AAC-9845-3DEB-ABB2-02D266AEEAAA} = {7EC10AAC-9845-3DEB-ABB2-02D266AEEAAA}
		{5AF6FB3E-48F8-3992-A5BB-D46DFFC46865} = {5AF6FB3E-48F8-3992-A5BB-D46DFFC46865}
		{3D661FA5-6F77-3F38-88F2-21F66317A5C7} = {3D661FA5-6F77-3F38-88F2-21F66317A5C7}
		{F95F73D2-52F7-3B96-B597-5F469F032C99} = {F95F73D2-52F7-3B96-B597-5F469F032C99}
		{7940F5F8-C71C-3426-ABA1-58BFE5C29BEC} = {7940F5F8-C71C-3426-ABA1-58BFE5C29BEC}
		{5FC4961E-C047-3FD4-B46D-FF6953040773} = {5FC4961E-C047-3FD4-B46D-FF6953040773}
		{17446EF2-1411-3BFE-915E-D79EA8F3F399} = {17446EF2-1411-3BFE-915E-D79EA8F3F399}
		{42B48128-BD22-3152-9F2F-B0FD8352283A} = {42B48128-BD22-3152-9F2F-B0FD8352283A}
		{C38C2FBF-8D44-3F96-B253-0DD3C7DBA4FC} = {C38C2FBF-8D44-3F96-B253-0DD3C7DBA4FC}
		{CC2CF6EC-5546-34FA-B9C6-74F7AA5D5C60} = {CC2CF6EC-5546-34FA-B9C6-74F7AA5D5C60}
		{9C23FE03-2466-3911-8026-78986CE255FA} = {9C23FE03-2466-3911-8026-78986CE255FA}
		{7E9A835C-90E7-386C-A26E-F2EC3E571B8D} = {7E9A835C-90E7-386C-A26E-F2EC3E571B8D}
		{21205C54-0EAF-3F36-BB6F-A19303DA6D94} = {21205C54-0EAF-3F36-BB6F-A19303DA6D94}
		{1913DB3E-C191-3ECE-BDFF-38001DF60D73} = {1913DB3E-C191-3ECE-BDFF-38001DF60D73}
		{6521DB39-5638-3268-9A5F-7C06C32D357C} = {6521DB39-5638-3268-9A5F-7C06C32D357C}
		{05860E8C-9F82-3B53-BA31-90504173230F} = {05860E8C-9F82-3B53-BA31-90504173230F}
		{C458DD4B-D764-3D72-A949-3DA4A4063721} = {C458DD4B-D764-3D72-A949-3DA4A4063721}
		{398D6E82-B093-3D63-BFD4-48A079B4145C} = {398D6E82-B093-3D63-BFD4-48A079B4145C}
		{8F4516B8-07CC-3311-98F9-B230172E747C} = {8F4516B8-07CC-3311-98F9-B230172E747C}
		{DB082D4B-5F1D-3837-99C7-0DDDCA7517D2} = {DB082D4B-5F1D-3837-99C7-0DDDCA7517D2}
		{93E5B02B-4F55-3EF0-8324-59D266AE3319} = {93E5B02B-4F55-3EF0-8324-59D266AE3319}
		{C3A67489-83A9-32A1-A9A4-A1C48B7C62E2} = {C3A67489-83A9-32A1-A9A4-A1C48B7C62E2}
		{89C66847-426C-33C8-89FA-3FFDC8E23830} = {89C66847-426C-33C8-89FA-3FFDC8E23830}
		{26A9652D-C239-368F-A7A8-68190D8FCA32} = {26A9652D-C239-368F-A7A8-68190D8FCA32}
		{01161F85-4E91-3FB1-9B48-936EC32DBA91} = {01161F85-4E91-3FB1-9B48-936EC32DBA91}
		{B5D0333D-EB1B-385D-BB4E-1A3201C70F99} = {B5D0333D-EB1B-385D-BB4E-1A3201C70F99}
		{749B3DBB-4425-341B-B16E-2625CAA6074F} = {749B3DBB-4425-341B-B16E-2625CAA6074F}
		{039B9945-0E74-3512-A2B5-DDACC01461F3} = {039B9945-0E74-3512-A2B5-DDACC01461F3}
	EndProjectSection
EndProject
Project("{8BC9CEB8-8B4A-11D0-8D11-00A0C91BC942}") = "INSTALL", "INSTALL.vcxproj", "{2BFDCB8F-620C-3B51-88CA-A8D8BE35F36C}"
	ProjectSection(ProjectDependencies) = postProject
		{C527CCA5-99DE-374A-A0AE-8958BED6D11B} = {C527CCA5-99DE-374A-A0AE-8958BED6D11B}
		{BD847538-23D6-38C4-A66F-9DB068F41F59} = {BD847538-23D6-38C4-A66F-9DB068F41F59}
	EndProjectSection
EndProject
Project("{8BC9CEB8-8B4A-11D0-8D11-00A0C91BC942}") = "PACKAGE", "PACKAGE.vcxproj", "{3C5E33A7-AEAF-357D-8433-2B4D09EF1C1F}"
	ProjectSection(ProjectDependencies) = postProject
		{C527CCA5-99DE-374A-A0AE-8958BED6D11B} = {C527CCA5-99DE-374A-A0AE-8958BED6D11B}
		{BD847538-23D6-38C4-A66F-9DB068F41F59} = {BD847538-23D6-38C4-A66F-9DB068F41F59}
	EndProjectSection
EndProject
Project("{8BC9CEB8-8B4A-11D0-8D11-00A0C91BC942}") = "ZERO_CHECK", "ZERO_CHECK.vcxproj", "{BD847538-23D6-38C4-A66F-9DB068F41F59}"
EndProject
Project("{8BC9CEB8-8B4A-11D0-8D11-00A0C91BC942}") = "blake2", "deps\blake2\blake2.vcxproj", "{960E058A-F8B9-3412-A176-16F754782671}"
	ProjectSection(ProjectDependencies) = postProject
		{BD847538-23D6-38C4-A66F-9DB068F41F59} = {BD847538-23D6-38C4-A66F-9DB068F41F59}
	EndProjectSection
EndProject
Project("{8BC9CEB8-8B4A-11D0-8D11-00A0C91BC942}") = "file-updater", "deps\file-updater\file-updater.vcxproj", "{9D80AEA0-3AD1-3251-B800-08628337EE90}"
	ProjectSection(ProjectDependencies) = postProject
		{BD847538-23D6-38C4-A66F-9DB068F41F59} = {BD847538-23D6-38C4-A66F-9DB068F41F59}
		{5FC4961E-C047-3FD4-B46D-FF6953040773} = {5FC4961E-C047-3FD4-B46D-FF6953040773}
		{89C66847-426C-33C8-89FA-3FFDC8E23830} = {89C66847-426C-33C8-89FA-3FFDC8E23830}
	EndProjectSection
EndProject
Project("{8BC9CEB8-8B4A-11D0-8D11-00A0C91BC942}") = "frontend-tools", "UI\frontend-plugins\frontend-tools\frontend-tools.vcxproj", "{999FF5F5-C8E4-340E-9F24-3E2CD0EE3B0E}"
	ProjectSection(ProjectDependencies) = postProject
		{BD847538-23D6-38C4-A66F-9DB068F41F59} = {BD847538-23D6-38C4-A66F-9DB068F41F59}
		{5FC4961E-C047-3FD4-B46D-FF6953040773} = {5FC4961E-C047-3FD4-B46D-FF6953040773}
		{6521DB39-5638-3268-9A5F-7C06C32D357C} = {6521DB39-5638-3268-9A5F-7C06C32D357C}
		{398D6E82-B093-3D63-BFD4-48A079B4145C} = {398D6E82-B093-3D63-BFD4-48A079B4145C}
		{89C66847-426C-33C8-89FA-3FFDC8E23830} = {89C66847-426C-33C8-89FA-3FFDC8E23830}
	EndProjectSection
EndProject
Project("{8BC9CEB8-8B4A-11D0-8D11-00A0C91BC942}") = "get-graphics-offsets", "plugins\win-capture\get-graphics-offsets\get-graphics-offsets.vcxproj", "{876B979F-C634-33B2-A771-624B69E85B00}"
	ProjectSection(ProjectDependencies) = postProject
		{BD847538-23D6-38C4-A66F-9DB068F41F59} = {BD847538-23D6-38C4-A66F-9DB068F41F59}
	EndProjectSection
EndProject
Project("{8BC9CEB8-8B4A-11D0-8D11-00A0C91BC942}") = "glad", "deps\glad\glad.vcxproj", "{EC8C780E-F443-335D-BEDE-1083AD0AE1D5}"
	ProjectSection(ProjectDependencies) = postProject
		{BD847538-23D6-38C4-A66F-9DB068F41F59} = {BD847538-23D6-38C4-A66F-9DB068F41F59}
	EndProjectSection
EndProject
Project("{8BC9CEB8-8B4A-11D0-8D11-00A0C91BC942}") = "graphics-hook", "plugins\win-capture\graphics-hook\graphics-hook.vcxproj", "{7EC10AAC-9845-3DEB-ABB2-02D266AEEAAA}"
	ProjectSection(ProjectDependencies) = postProject
		{BD847538-23D6-38C4-A66F-9DB068F41F59} = {BD847538-23D6-38C4-A66F-9DB068F41F59}
		{F95F73D2-52F7-3B96-B597-5F469F032C99} = {F95F73D2-52F7-3B96-B597-5F469F032C99}
	EndProjectSection
EndProject
Project("{8BC9CEB8-8B4A-11D0-8D11-00A0C91BC942}") = "image-source", "plugins\image-source\image-source.vcxproj", "{5AF6FB3E-48F8-3992-A5BB-D46DFFC46865}"
	ProjectSection(ProjectDependencies) = postProject
		{BD847538-23D6-38C4-A66F-9DB068F41F59} = {BD847538-23D6-38C4-A66F-9DB068F41F59}
		{5FC4961E-C047-3FD4-B46D-FF6953040773} = {5FC4961E-C047-3FD4-B46D-FF6953040773}
		{89C66847-426C-33C8-89FA-3FFDC8E23830} = {89C66847-426C-33C8-89FA-3FFDC8E23830}
	EndProjectSection
EndProject
Project("{8BC9CEB8-8B4A-11D0-8D11-00A0C91BC942}") = "inject-helper", "plugins\win-capture\inject-helper\inject-helper.vcxproj", "{3D661FA5-6F77-3F38-88F2-21F66317A5C7}"
	ProjectSection(ProjectDependencies) = postProject
		{BD847538-23D6-38C4-A66F-9DB068F41F59} = {BD847538-23D6-38C4-A66F-9DB068F41F59}
	EndProjectSection
EndProject
Project("{8BC9CEB8-8B4A-11D0-8D11-00A0C91BC942}") = "ipc-util", "deps\ipc-util\ipc-util.vcxproj", "{F95F73D2-52F7-3B96-B597-5F469F032C99}"
	ProjectSection(ProjectDependencies) = postProject
		{BD847538-23D6-38C4-A66F-9DB068F41F59} = {BD847538-23D6-38C4-A66F-9DB068F41F59}
	EndProjectSection
EndProject
Project("{8BC9CEB8-8B4A-11D0-8D11-00A0C91BC942}") = "jansson", "deps\jansson\jansson.vcxproj", "{7940F5F8-C71C-3426-ABA1-58BFE5C29BEC}"
	ProjectSection(ProjectDependencies) = postProject
		{BD847538-23D6-38C4-A66F-9DB068F41F59} = {BD847538-23D6-38C4-A66F-9DB068F41F59}
	EndProjectSection
EndProject
Project("{8BC9CEB8-8B4A-11D0-8D11-00A0C91BC942}") = "libobs", "libobs\libobs.vcxproj", "{5FC4961E-C047-3FD4-B46D-FF6953040773}"
	ProjectSection(ProjectDependencies) = postProject
		{BD847538-23D6-38C4-A66F-9DB068F41F59} = {BD847538-23D6-38C4-A66F-9DB068F41F59}
		{7940F5F8-C71C-3426-ABA1-58BFE5C29BEC} = {7940F5F8-C71C-3426-ABA1-58BFE5C29BEC}
		{89C66847-426C-33C8-89FA-3FFDC8E23830} = {89C66847-426C-33C8-89FA-3FFDC8E23830}
	EndProjectSection
EndProject
Project("{8BC9CEB8-8B4A-11D0-8D11-00A0C91BC942}") = "libobs-d3d11", "libobs-d3d11\libobs-d3d11.vcxproj", "{17446EF2-1411-3BFE-915E-D79EA8F3F399}"
	ProjectSection(ProjectDependencies) = postProject
		{BD847538-23D6-38C4-A66F-9DB068F41F59} = {BD847538-23D6-38C4-A66F-9DB068F41F59}
		{5FC4961E-C047-3FD4-B46D-FF6953040773} = {5FC4961E-C047-3FD4-B46D-FF6953040773}
	EndProjectSection
EndProject
Project("{8BC9CEB8-8B4A-11D0-8D11-00A0C91BC942}") = "libobs-opengl", "libobs-opengl\libobs-opengl.vcxproj", "{42B48128-BD22-3152-9F2F-B0FD8352283A}"
	ProjectSection(ProjectDependencies) = postProject
		{BD847538-23D6-38C4-A66F-9DB068F41F59} = {BD847538-23D6-38C4-A66F-9DB068F41F59}
		{EC8C780E-F443-335D-BEDE-1083AD0AE1D5} = {EC8C780E-F443-335D-BEDE-1083AD0AE1D5}
		{5FC4961E-C047-3FD4-B46D-FF6953040773} = {5FC4961E-C047-3FD4-B46D-FF6953040773}
	EndProjectSection
EndProject
Project("{8BC9CEB8-8B4A-11D0-8D11-00A0C91BC942}") = "lzma", "deps\lzma\lzma.vcxproj", "{C38C2FBF-8D44-3F96-B253-0DD3C7DBA4FC}"
	ProjectSection(ProjectDependencies) = postProject
		{BD847538-23D6-38C4-A66F-9DB068F41F59} = {BD847538-23D6-38C4-A66F-9DB068F41F59}
	EndProjectSection
EndProject
Project("{8BC9CEB8-8B4A-11D0-8D11-00A0C91BC942}") = "media-playback", "deps\media-playback\media-playback.vcxproj", "{CC2CF6EC-5546-34FA-B9C6-74F7AA5D5C60}"
	ProjectSection(ProjectDependencies) = postProject
		{BD847538-23D6-38C4-A66F-9DB068F41F59} = {BD847538-23D6-38C4-A66F-9DB068F41F59}
	EndProjectSection
EndProject
Project("{8BC9CEB8-8B4A-11D0-8D11-00A0C91BC942}") = "obs", "UI\obs.vcxproj", "{9C23FE03-2466-3911-8026-78986CE255FA}"
	ProjectSection(ProjectDependencies) = postProject
		{BD847538-23D6-38C4-A66F-9DB068F41F59} = {BD847538-23D6-38C4-A66F-9DB068F41F59}
		{960E058A-F8B9-3412-A176-16F754782671} = {960E058A-F8B9-3412-A176-16F754782671}
		{7940F5F8-C71C-3426-ABA1-58BFE5C29BEC} = {7940F5F8-C71C-3426-ABA1-58BFE5C29BEC}
		{5FC4961E-C047-3FD4-B46D-FF6953040773} = {5FC4961E-C047-3FD4-B46D-FF6953040773}
		{6521DB39-5638-3268-9A5F-7C06C32D357C} = {6521DB39-5638-3268-9A5F-7C06C32D357C}
		{89C66847-426C-33C8-89FA-3FFDC8E23830} = {89C66847-426C-33C8-89FA-3FFDC8E23830}
	EndProjectSection
EndProject
Project("{8BC9CEB8-8B4A-11D0-8D11-00A0C91BC942}") = "obs-ffmpeg", "plugins\obs-ffmpeg\obs-ffmpeg.vcxproj", "{7E9A835C-90E7-386C-A26E-F2EC3E571B8D}"
	ProjectSection(ProjectDependencies) = postProject
		{BD847538-23D6-38C4-A66F-9DB068F41F59} = {BD847538-23D6-38C4-A66F-9DB068F41F59}
		{5FC4961E-C047-3FD4-B46D-FF6953040773} = {5FC4961E-C047-3FD4-B46D-FF6953040773}
		{CC2CF6EC-5546-34FA-B9C6-74F7AA5D5C60} = {CC2CF6EC-5546-34FA-B9C6-74F7AA5D5C60}
		{89C66847-426C-33C8-89FA-3FFDC8E23830} = {89C66847-426C-33C8-89FA-3FFDC8E23830}
	EndProjectSection
EndProject
Project("{8BC9CEB8-8B4A-11D0-8D11-00A0C91BC942}") = "obs-ffmpeg-mux", "plugins\obs-ffmpeg\ffmpeg-mux\obs-ffmpeg-mux.vcxproj", "{21205C54-0EAF-3F36-BB6F-A19303DA6D94}"
	ProjectSection(ProjectDependencies) = postProject
		{BD847538-23D6-38C4-A66F-9DB068F41F59} = {BD847538-23D6-38C4-A66F-9DB068F41F59}
	EndProjectSection
EndProject
Project("{8BC9CEB8-8B4A-11D0-8D11-00A0C91BC942}") = "obs-filters", "plugins\obs-filters\obs-filters.vcxproj", "{1913DB3E-C191-3ECE-BDFF-38001DF60D73}"
	ProjectSection(ProjectDependencies) = postProject
		{BD847538-23D6-38C4-A66F-9DB068F41F59} = {BD847538-23D6-38C4-A66F-9DB068F41F59}
		{5FC4961E-C047-3FD4-B46D-FF6953040773} = {5FC4961E-C047-3FD4-B46D-FF6953040773}
		{89C66847-426C-33C8-89FA-3FFDC8E23830} = {89C66847-426C-33C8-89FA-3FFDC8E23830}
	EndProjectSection
EndProject
Project("{8BC9CEB8-8B4A-11D0-8D11-00A0C91BC942}") = "obs-frontend-api", "UI\obs-frontend-api\obs-frontend-api.vcxproj", "{6521DB39-5638-3268-9A5F-7C06C32D357C}"
	ProjectSection(ProjectDependencies) = postProject
		{BD847538-23D6-38C4-A66F-9DB068F41F59} = {BD847538-23D6-38C4-A66F-9DB068F41F59}
		{5FC4961E-C047-3FD4-B46D-FF6953040773} = {5FC4961E-C047-3FD4-B46D-FF6953040773}
	EndProjectSection
EndProject
Project("{8BC9CEB8-8B4A-11D0-8D11-00A0C91BC942}") = "obs-outputs", "plugins\obs-outputs\obs-outputs.vcxproj", "{05860E8C-9F82-3B53-BA31-90504173230F}"
	ProjectSection(ProjectDependencies) = postProject
		{BD847538-23D6-38C4-A66F-9DB068F41F59} = {BD847538-23D6-38C4-A66F-9DB068F41F59}
		{7940F5F8-C71C-3426-ABA1-58BFE5C29BEC} = {7940F5F8-C71C-3426-ABA1-58BFE5C29BEC}
		{5FC4961E-C047-3FD4-B46D-FF6953040773} = {5FC4961E-C047-3FD4-B46D-FF6953040773}
		{89C66847-426C-33C8-89FA-3FFDC8E23830} = {89C66847-426C-33C8-89FA-3FFDC8E23830}
	EndProjectSection
EndProject
Project("{8BC9CEB8-8B4A-11D0-8D11-00A0C91BC942}") = "obs-qsv11", "plugins\obs-qsv11\obs-qsv11.vcxproj", "{C458DD4B-D764-3D72-A949-3DA4A4063721}"
	ProjectSection(ProjectDependencies) = postProject
		{BD847538-23D6-38C4-A66F-9DB068F41F59} = {BD847538-23D6-38C4-A66F-9DB068F41F59}
		{5FC4961E-C047-3FD4-B46D-FF6953040773} = {5FC4961E-C047-3FD4-B46D-FF6953040773}
	EndProjectSection
EndProject
Project("{8BC9CEB8-8B4A-11D0-8D11-00A0C91BC942}") = "obs-scripting", "deps\obs-scripting\obs-scripting.vcxproj", "{398D6E82-B093-3D63-BFD4-48A079B4145C}"
	ProjectSection(ProjectDependencies) = postProject
		{BD847538-23D6-38C4-A66F-9DB068F41F59} = {BD847538-23D6-38C4-A66F-9DB068F41F59}
		{5FC4961E-C047-3FD4-B46D-FF6953040773} = {5FC4961E-C047-3FD4-B46D-FF6953040773}
		{6521DB39-5638-3268-9A5F-7C06C32D357C} = {6521DB39-5638-3268-9A5F-7C06C32D357C}
		{89C66847-426C-33C8-89FA-3FFDC8E23830} = {89C66847-426C-33C8-89FA-3FFDC8E23830}
	EndProjectSection
EndProject
Project("{8BC9CEB8-8B4A-11D0-8D11-00A0C91BC942}") = "obs-text", "plugins\obs-text\obs-text.vcxproj", "{8F4516B8-07CC-3311-98F9-B230172E747C}"
	ProjectSection(ProjectDependencies) = postProject
		{BD847538-23D6-38C4-A66F-9DB068F41F59} = {BD847538-23D6-38C4-A66F-9DB068F41F59}
		{5FC4961E-C047-3FD4-B46D-FF6953040773} = {5FC4961E-C047-3FD4-B46D-FF6953040773}
	EndProjectSection
EndProject
Project("{8BC9CEB8-8B4A-11D0-8D11-00A0C91BC942}") = "obs-transitions", "plugins\obs-transitions\obs-transitions.vcxproj", "{DB082D4B-5F1D-3837-99C7-0DDDCA7517D2}"
	ProjectSection(ProjectDependencies) = postProject
		{BD847538-23D6-38C4-A66F-9DB068F41F59} = {BD847538-23D6-38C4-A66F-9DB068F41F59}
		{5FC4961E-C047-3FD4-B46D-FF6953040773} = {5FC4961E-C047-3FD4-B46D-FF6953040773}
	EndProjectSection
EndProject
Project("{8BC9CEB8-8B4A-11D0-8D11-00A0C91BC942}") = "obs-x264", "plugins\obs-x264\obs-x264.vcxproj", "{93E5B02B-4F55-3EF0-8324-59D266AE3319}"
	ProjectSection(ProjectDependencies) = postProject
		{BD847538-23D6-38C4-A66F-9DB068F41F59} = {BD847538-23D6-38C4-A66F-9DB068F41F59}
		{5FC4961E-C047-3FD4-B46D-FF6953040773} = {5FC4961E-C047-3FD4-B46D-FF6953040773}
	EndProjectSection
EndProject
Project("{8BC9CEB8-8B4A-11D0-8D11-00A0C91BC942}") = "updater", "UI\win-update\updater\updater.vcxproj", "{C3A67489-83A9-32A1-A9A4-A1C48B7C62E2}"
	ProjectSection(ProjectDependencies) = postProject
		{BD847538-23D6-38C4-A66F-9DB068F41F59} = {BD847538-23D6-38C4-A66F-9DB068F41F59}
		{960E058A-F8B9-3412-A176-16F754782671} = {960E058A-F8B9-3412-A176-16F754782671}
		{7940F5F8-C71C-3426-ABA1-58BFE5C29BEC} = {7940F5F8-C71C-3426-ABA1-58BFE5C29BEC}
		{C38C2FBF-8D44-3F96-B253-0DD3C7DBA4FC} = {C38C2FBF-8D44-3F96-B253-0DD3C7DBA4FC}
	EndProjectSection
EndProject
Project("{8BC9CEB8-8B4A-11D0-8D11-00A0C91BC942}") = "w32-pthreads", "deps\w32-pthreads\w32-pthreads.vcxproj", "{89C66847-426C-33C8-89FA-3FFDC8E23830}"
	ProjectSection(ProjectDependencies) = postProject
		{BD847538-23D6-38C4-A66F-9DB068F41F59} = {BD847538-23D6-38C4-A66F-9DB068F41F59}
	EndProjectSection
EndProject
Project("{8BC9CEB8-8B4A-11D0-8D11-00A0C91BC942}") = "win-capture", "plugins\win-capture\win-capture.vcxproj", "{26A9652D-C239-368F-A7A8-68190D8FCA32}"
	ProjectSection(ProjectDependencies) = postProject
		{BD847538-23D6-38C4-A66F-9DB068F41F59} = {BD847538-23D6-38C4-A66F-9DB068F41F59}
		{F95F73D2-52F7-3B96-B597-5F469F032C99} = {F95F73D2-52F7-3B96-B597-5F469F032C99}
		{5FC4961E-C047-3FD4-B46D-FF6953040773} = {5FC4961E-C047-3FD4-B46D-FF6953040773}
	EndProjectSection
EndProject
Project("{8BC9CEB8-8B4A-11D0-8D11-00A0C91BC942}") = "win-dshow", "plugins\win-dshow\win-dshow.vcxproj", "{01161F85-4E91-3FB1-9B48-936EC32DBA91}"
	ProjectSection(ProjectDependencies) = postProject
		{BD847538-23D6-38C4-A66F-9DB068F41F59} = {BD847538-23D6-38C4-A66F-9DB068F41F59}
		{5FC4961E-C047-3FD4-B46D-FF6953040773} = {5FC4961E-C047-3FD4-B46D-FF6953040773}
	EndProjectSection
EndProject
Project("{8BC9CEB8-8B4A-11D0-8D11-00A0C91BC942}") = "win-mf", "plugins\win-mf\win-mf.vcxproj", "{B5D0333D-EB1B-385D-BB4E-1A3201C70F99}"
	ProjectSection(ProjectDependencies) = postProject
		{BD847538-23D6-38C4-A66F-9DB068F41F59} = {BD847538-23D6-38C4-A66F-9DB068F41F59}
		{5FC4961E-C047-3FD4-B46D-FF6953040773} = {5FC4961E-C047-3FD4-B46D-FF6953040773}
	EndProjectSection
EndProject
Project("{8BC9CEB8-8B4A-11D0-8D11-00A0C91BC942}") = "win-test", "test\win\win-test.vcxproj", "{749B3DBB-4425-341B-B16E-2625CAA6074F}"
	ProjectSection(ProjectDependencies) = postProject
		{BD847538-23D6-38C4-A66F-9DB068F41F59} = {BD847538-23D6-38C4-A66F-9DB068F41F59}
		{5FC4961E-C047-3FD4-B46D-FF6953040773} = {5FC4961E-C047-3FD4-B46D-FF6953040773}
	EndProjectSection
EndProject
Project("{8BC9CEB8-8B4A-11D0-8D11-00A0C91BC942}") = "win-wasapi", "plugins\win-wasapi\win-wasapi.vcxproj", "{039B9945-0E74-3512-A2B5-DDACC01461F3}"
	ProjectSection(ProjectDependencies) = postProject
		{BD847538-23D6-38C4-A66F-9DB068F41F59} = {BD847538-23D6-38C4-A66F-9DB068F41F59}
		{5FC4961E-C047-3FD4-B46D-FF6953040773} = {5FC4961E-C047-3FD4-B46D-FF6953040773}
	EndProjectSection
EndProject
Project("{8BC9CEB8-8B4A-11D0-8D11-00A0C91BC942}") = "Smart", "..\Smart\Smart.vcxproj", "{B12702AD-ABFB-343A-A199-8E24837244A3}"
EndProject
Project("{8BC9CEB8-8B4A-11D0-8D11-00A0C91BC942}") = "rtp-services", "plugins\rtp-services\rtp-services.vcxproj", "{A6CE7CA6-B97C-4BF6-A59A-BF1F8682F898}"
EndProject
Global
	GlobalSection(SolutionConfigurationPlatforms) = preSolution
		Debug|Win32 = Debug|Win32
		Debug|x64 = Debug|x64
		MinSizeRel|Win32 = MinSizeRel|Win32
		MinSizeRel|x64 = MinSizeRel|x64
		Release|Win32 = Release|Win32
		Release|x64 = Release|x64
		RelWithDebInfo|Win32 = RelWithDebInfo|Win32
		RelWithDebInfo|x64 = RelWithDebInfo|x64
	EndGlobalSection
	GlobalSection(ProjectConfigurationPlatforms) = postSolution
		{C527CCA5-99DE-374A-A0AE-8958BED6D11B}.Debug|Win32.ActiveCfg = Debug|Win32
		{C527CCA5-99DE-374A-A0AE-8958BED6D11B}.Debug|Win32.Build.0 = Debug|Win32
		{C527CCA5-99DE-374A-A0AE-8958BED6D11B}.Debug|x64.ActiveCfg = Debug|Win32
		{C527CCA5-99DE-374A-A0AE-8958BED6D11B}.MinSizeRel|Win32.ActiveCfg = MinSizeRel|Win32
		{C527CCA5-99DE-374A-A0AE-8958BED6D11B}.MinSizeRel|Win32.Build.0 = MinSizeRel|Win32
		{C527CCA5-99DE-374A-A0AE-8958BED6D11B}.MinSizeRel|x64.ActiveCfg = MinSizeRel|Win32
		{C527CCA5-99DE-374A-A0AE-8958BED6D11B}.Release|Win32.ActiveCfg = Release|Win32
		{C527CCA5-99DE-374A-A0AE-8958BED6D11B}.Release|Win32.Build.0 = Release|Win32
		{C527CCA5-99DE-374A-A0AE-8958BED6D11B}.Release|x64.ActiveCfg = Release|Win32
		{C527CCA5-99DE-374A-A0AE-8958BED6D11B}.RelWithDebInfo|Win32.ActiveCfg = RelWithDebInfo|Win32
		{C527CCA5-99DE-374A-A0AE-8958BED6D11B}.RelWithDebInfo|Win32.Build.0 = RelWithDebInfo|Win32
		{C527CCA5-99DE-374A-A0AE-8958BED6D11B}.RelWithDebInfo|x64.ActiveCfg = RelWithDebInfo|Win32
		{2BFDCB8F-620C-3B51-88CA-A8D8BE35F36C}.Debug|Win32.ActiveCfg = Debug|Win32
		{2BFDCB8F-620C-3B51-88CA-A8D8BE35F36C}.Debug|x64.ActiveCfg = Debug|Win32
		{2BFDCB8F-620C-3B51-88CA-A8D8BE35F36C}.MinSizeRel|Win32.ActiveCfg = MinSizeRel|Win32
		{2BFDCB8F-620C-3B51-88CA-A8D8BE35F36C}.MinSizeRel|x64.ActiveCfg = MinSizeRel|Win32
		{2BFDCB8F-620C-3B51-88CA-A8D8BE35F36C}.Release|Win32.ActiveCfg = Release|Win32
		{2BFDCB8F-620C-3B51-88CA-A8D8BE35F36C}.Release|x64.ActiveCfg = Release|Win32
		{2BFDCB8F-620C-3B51-88CA-A8D8BE35F36C}.RelWithDebInfo|Win32.ActiveCfg = RelWithDebInfo|Win32
		{2BFDCB8F-620C-3B51-88CA-A8D8BE35F36C}.RelWithDebInfo|x64.ActiveCfg = RelWithDebInfo|Win32
		{3C5E33A7-AEAF-357D-8433-2B4D09EF1C1F}.Debug|Win32.ActiveCfg = Debug|Win32
		{3C5E33A7-AEAF-357D-8433-2B4D09EF1C1F}.Debug|x64.ActiveCfg = Debug|Win32
		{3C5E33A7-AEAF-357D-8433-2B4D09EF1C1F}.MinSizeRel|Win32.ActiveCfg = MinSizeRel|Win32
		{3C5E33A7-AEAF-357D-8433-2B4D09EF1C1F}.MinSizeRel|x64.ActiveCfg = MinSizeRel|Win32
		{3C5E33A7-AEAF-357D-8433-2B4D09EF1C1F}.Release|Win32.ActiveCfg = Release|Win32
		{3C5E33A7-AEAF-357D-8433-2B4D09EF1C1F}.Release|x64.ActiveCfg = Release|Win32
		{3C5E33A7-AEAF-357D-8433-2B4D09EF1C1F}.RelWithDebInfo|Win32.ActiveCfg = RelWithDebInfo|Win32
		{3C5E33A7-AEAF-357D-8433-2B4D09EF1C1F}.RelWithDebInfo|x64.ActiveCfg = RelWithDebInfo|Win32
		{BD847538-23D6-38C4-A66F-9DB068F41F59}.Debug|Win32.ActiveCfg = Debug|Win32
		{BD847538-23D6-38C4-A66F-9DB068F41F59}.Debug|Win32.Build.0 = Debug|Win32
		{BD847538-23D6-38C4-A66F-9DB068F41F59}.Debug|x64.ActiveCfg = Debug|Win32
		{BD847538-23D6-38C4-A66F-9DB068F41F59}.MinSizeRel|Win32.ActiveCfg = MinSizeRel|Win32
		{BD847538-23D6-38C4-A66F-9DB068F41F59}.MinSizeRel|Win32.Build.0 = MinSizeRel|Win32
		{BD847538-23D6-38C4-A66F-9DB068F41F59}.MinSizeRel|x64.ActiveCfg = MinSizeRel|Win32
		{BD847538-23D6-38C4-A66F-9DB068F41F59}.Release|Win32.ActiveCfg = Release|Win32
		{BD847538-23D6-38C4-A66F-9DB068F41F59}.Release|Win32.Build.0 = Release|Win32
		{BD847538-23D6-38C4-A66F-9DB068F41F59}.Release|x64.ActiveCfg = Release|Win32
		{BD847538-23D6-38C4-A66F-9DB068F41F59}.RelWithDebInfo|Win32.ActiveCfg = RelWithDebInfo|Win32
		{BD847538-23D6-38C4-A66F-9DB068F41F59}.RelWithDebInfo|Win32.Build.0 = RelWithDebInfo|Win32
		{BD847538-23D6-38C4-A66F-9DB068F41F59}.RelWithDebInfo|x64.ActiveCfg = RelWithDebInfo|Win32
		{960E058A-F8B9-3412-A176-16F754782671}.Debug|Win32.ActiveCfg = Debug|Win32
		{960E058A-F8B9-3412-A176-16F754782671}.Debug|Win32.Build.0 = Debug|Win32
		{960E058A-F8B9-3412-A176-16F754782671}.Debug|x64.ActiveCfg = Debug|Win32
		{960E058A-F8B9-3412-A176-16F754782671}.MinSizeRel|Win32.ActiveCfg = MinSizeRel|Win32
		{960E058A-F8B9-3412-A176-16F754782671}.MinSizeRel|Win32.Build.0 = MinSizeRel|Win32
		{960E058A-F8B9-3412-A176-16F754782671}.MinSizeRel|x64.ActiveCfg = MinSizeRel|Win32
		{960E058A-F8B9-3412-A176-16F754782671}.Release|Win32.ActiveCfg = Release|Win32
		{960E058A-F8B9-3412-A176-16F754782671}.Release|Win32.Build.0 = Release|Win32
		{960E058A-F8B9-3412-A176-16F754782671}.Release|x64.ActiveCfg = Release|Win32
		{960E058A-F8B9-3412-A176-16F754782671}.RelWithDebInfo|Win32.ActiveCfg = RelWithDebInfo|Win32
		{960E058A-F8B9-3412-A176-16F754782671}.RelWithDebInfo|Win32.Build.0 = RelWithDebInfo|Win32
		{960E058A-F8B9-3412-A176-16F754782671}.RelWithDebInfo|x64.ActiveCfg = RelWithDebInfo|Win32
		{9D80AEA0-3AD1-3251-B800-08628337EE90}.Debug|Win32.ActiveCfg = Debug|Win32
		{9D80AEA0-3AD1-3251-B800-08628337EE90}.Debug|Win32.Build.0 = Debug|Win32
		{9D80AEA0-3AD1-3251-B800-08628337EE90}.Debug|x64.ActiveCfg = Debug|Win32
		{9D80AEA0-3AD1-3251-B800-08628337EE90}.MinSizeRel|Win32.ActiveCfg = MinSizeRel|Win32
		{9D80AEA0-3AD1-3251-B800-08628337EE90}.MinSizeRel|Win32.Build.0 = MinSizeRel|Win32
		{9D80AEA0-3AD1-3251-B800-08628337EE90}.MinSizeRel|x64.ActiveCfg = MinSizeRel|Win32
		{9D80AEA0-3AD1-3251-B800-08628337EE90}.Release|Win32.ActiveCfg = Release|Win32
		{9D80AEA0-3AD1-3251-B800-08628337EE90}.Release|Win32.Build.0 = Release|Win32
		{9D80AEA0-3AD1-3251-B800-08628337EE90}.Release|x64.ActiveCfg = Release|Win32
		{9D80AEA0-3AD1-3251-B800-08628337EE90}.RelWithDebInfo|Win32.ActiveCfg = RelWithDebInfo|Win32
		{9D80AEA0-3AD1-3251-B800-08628337EE90}.RelWithDebInfo|Win32.Build.0 = RelWithDebInfo|Win32
		{9D80AEA0-3AD1-3251-B800-08628337EE90}.RelWithDebInfo|x64.ActiveCfg = RelWithDebInfo|Win32
		{999FF5F5-C8E4-340E-9F24-3E2CD0EE3B0E}.Debug|Win32.ActiveCfg = Debug|Win32
		{999FF5F5-C8E4-340E-9F24-3E2CD0EE3B0E}.Debug|Win32.Build.0 = Debug|Win32
		{999FF5F5-C8E4-340E-9F24-3E2CD0EE3B0E}.Debug|x64.ActiveCfg = Debug|Win32
		{999FF5F5-C8E4-340E-9F24-3E2CD0EE3B0E}.MinSizeRel|Win32.ActiveCfg = MinSizeRel|Win32
		{999FF5F5-C8E4-340E-9F24-3E2CD0EE3B0E}.MinSizeRel|Win32.Build.0 = MinSizeRel|Win32
		{999FF5F5-C8E4-340E-9F24-3E2CD0EE3B0E}.MinSizeRel|x64.ActiveCfg = MinSizeRel|Win32
		{999FF5F5-C8E4-340E-9F24-3E2CD0EE3B0E}.Release|Win32.ActiveCfg = Release|Win32
		{999FF5F5-C8E4-340E-9F24-3E2CD0EE3B0E}.Release|Win32.Build.0 = Release|Win32
		{999FF5F5-C8E4-340E-9F24-3E2CD0EE3B0E}.Release|x64.ActiveCfg = Release|Win32
		{999FF5F5-C8E4-340E-9F24-3E2CD0EE3B0E}.RelWithDebInfo|Win32.ActiveCfg = RelWithDebInfo|Win32
		{999FF5F5-C8E4-340E-9F24-3E2CD0EE3B0E}.RelWithDebInfo|Win32.Build.0 = RelWithDebInfo|Win32
		{999FF5F5-C8E4-340E-9F24-3E2CD0EE3B0E}.RelWithDebInfo|x64.ActiveCfg = RelWithDebInfo|Win32
		{876B979F-C634-33B2-A771-624B69E85B00}.Debug|Win32.ActiveCfg = Debug|Win32
		{876B979F-C634-33B2-A771-624B69E85B00}.Debug|Win32.Build.0 = Debug|Win32
		{876B979F-C634-33B2-A771-624B69E85B00}.Debug|x64.ActiveCfg = Debug|Win32
		{876B979F-C634-33B2-A771-624B69E85B00}.MinSizeRel|Win32.ActiveCfg = MinSizeRel|Win32
		{876B979F-C634-33B2-A771-624B69E85B00}.MinSizeRel|Win32.Build.0 = MinSizeRel|Win32
		{876B979F-C634-33B2-A771-624B69E85B00}.MinSizeRel|x64.ActiveCfg = MinSizeRel|Win32
		{876B979F-C634-33B2-A771-624B69E85B00}.Release|Win32.ActiveCfg = Release|Win32
		{876B979F-C634-33B2-A771-624B69E85B00}.Release|Win32.Build.0 = Release|Win32
		{876B979F-C634-33B2-A771-624B69E85B00}.Release|x64.ActiveCfg = Release|Win32
		{876B979F-C634-33B2-A771-624B69E85B00}.RelWithDebInfo|Win32.ActiveCfg = RelWithDebInfo|Win32
		{876B979F-C634-33B2-A771-624B69E85B00}.RelWithDebInfo|Win32.Build.0 = RelWithDebInfo|Win32
		{876B979F-C634-33B2-A771-624B69E85B00}.RelWithDebInfo|x64.ActiveCfg = RelWithDebInfo|Win32
		{EC8C780E-F443-335D-BEDE-1083AD0AE1D5}.Debug|Win32.ActiveCfg = Debug|Win32
		{EC8C780E-F443-335D-BEDE-1083AD0AE1D5}.Debug|Win32.Build.0 = Debug|Win32
		{EC8C780E-F443-335D-BEDE-1083AD0AE1D5}.Debug|x64.ActiveCfg = Debug|Win32
		{EC8C780E-F443-335D-BEDE-1083AD0AE1D5}.MinSizeRel|Win32.ActiveCfg = MinSizeRel|Win32
		{EC8C780E-F443-335D-BEDE-1083AD0AE1D5}.MinSizeRel|Win32.Build.0 = MinSizeRel|Win32
		{EC8C780E-F443-335D-BEDE-1083AD0AE1D5}.MinSizeRel|x64.ActiveCfg = MinSizeRel|Win32
		{EC8C780E-F443-335D-BEDE-1083AD0AE1D5}.Release|Win32.ActiveCfg = Release|Win32
		{EC8C780E-F443-335D-BEDE-1083AD0AE1D5}.Release|Win32.Build.0 = Release|Win32
		{EC8C780E-F443-335D-BEDE-1083AD0AE1D5}.Release|x64.ActiveCfg = Release|Win32
		{EC8C780E-F443-335D-BEDE-1083AD0AE1D5}.RelWithDebInfo|Win32.ActiveCfg = RelWithDebInfo|Win32
		{EC8C780E-F443-335D-BEDE-1083AD0AE1D5}.RelWithDebInfo|Win32.Build.0 = RelWithDebInfo|Win32
		{EC8C780E-F443-335D-BEDE-1083AD0AE1D5}.RelWithDebInfo|x64.ActiveCfg = RelWithDebInfo|Win32
		{7EC10AAC-9845-3DEB-ABB2-02D266AEEAAA}.Debug|Win32.ActiveCfg = Debug|Win32
		{7EC10AAC-9845-3DEB-ABB2-02D266AEEAAA}.Debug|Win32.Build.0 = Debug|Win32
		{7EC10AAC-9845-3DEB-ABB2-02D266AEEAAA}.Debug|x64.ActiveCfg = Debug|Win32
		{7EC10AAC-9845-3DEB-ABB2-02D266AEEAAA}.MinSizeRel|Win32.ActiveCfg = MinSizeRel|Win32
		{7EC10AAC-9845-3DEB-ABB2-02D266AEEAAA}.MinSizeRel|Win32.Build.0 = MinSizeRel|Win32
		{7EC10AAC-9845-3DEB-ABB2-02D266AEEAAA}.MinSizeRel|x64.ActiveCfg = MinSizeRel|Win32
		{7EC10AAC-9845-3DEB-ABB2-02D266AEEAAA}.Release|Win32.ActiveCfg = Release|Win32
		{7EC10AAC-9845-3DEB-ABB2-02D266AEEAAA}.Release|Win32.Build.0 = Release|Win32
		{7EC10AAC-9845-3DEB-ABB2-02D266AEEAAA}.Release|x64.ActiveCfg = Release|Win32
		{7EC10AAC-9845-3DEB-ABB2-02D266AEEAAA}.RelWithDebInfo|Win32.ActiveCfg = RelWithDebInfo|Win32
		{7EC10AAC-9845-3DEB-ABB2-02D266AEEAAA}.RelWithDebInfo|Win32.Build.0 = RelWithDebInfo|Win32
		{7EC10AAC-9845-3DEB-ABB2-02D266AEEAAA}.RelWithDebInfo|x64.ActiveCfg = RelWithDebInfo|Win32
		{5AF6FB3E-48F8-3992-A5BB-D46DFFC46865}.Debug|Win32.ActiveCfg = Debug|Win32
		{5AF6FB3E-48F8-3992-A5BB-D46DFFC46865}.Debug|Win32.Build.0 = Debug|Win32
		{5AF6FB3E-48F8-3992-A5BB-D46DFFC46865}.Debug|x64.ActiveCfg = Debug|Win32
		{5AF6FB3E-48F8-3992-A5BB-D46DFFC46865}.MinSizeRel|Win32.ActiveCfg = MinSizeRel|Win32
		{5AF6FB3E-48F8-3992-A5BB-D46DFFC46865}.MinSizeRel|Win32.Build.0 = MinSizeRel|Win32
		{5AF6FB3E-48F8-3992-A5BB-D46DFFC46865}.MinSizeRel|x64.ActiveCfg = MinSizeRel|Win32
		{5AF6FB3E-48F8-3992-A5BB-D46DFFC46865}.Release|Win32.ActiveCfg = Release|Win32
		{5AF6FB3E-48F8-3992-A5BB-D46DFFC46865}.Release|Win32.Build.0 = Release|Win32
		{5AF6FB3E-48F8-3992-A5BB-D46DFFC46865}.Release|x64.ActiveCfg = Release|Win32
		{5AF6FB3E-48F8-3992-A5BB-D46DFFC46865}.RelWithDebInfo|Win32.ActiveCfg = RelWithDebInfo|Win32
		{5AF6FB3E-48F8-3992-A5BB-D46DFFC46865}.RelWithDebInfo|Win32.Build.0 = RelWithDebInfo|Win32
		{5AF6FB3E-48F8-3992-A5BB-D46DFFC46865}.RelWithDebInfo|x64.ActiveCfg = RelWithDebInfo|Win32
		{3D661FA5-6F77-3F38-88F2-21F66317A5C7}.Debug|Win32.ActiveCfg = Debug|Win32
		{3D661FA5-6F77-3F38-88F2-21F66317A5C7}.Debug|Win32.Build.0 = Debug|Win32
		{3D661FA5-6F77-3F38-88F2-21F66317A5C7}.Debug|x64.ActiveCfg = Debug|Win32
		{3D661FA5-6F77-3F38-88F2-21F66317A5C7}.MinSizeRel|Win32.ActiveCfg = MinSizeRel|Win32
		{3D661FA5-6F77-3F38-88F2-21F66317A5C7}.MinSizeRel|Win32.Build.0 = MinSizeRel|Win32
		{3D661FA5-6F77-3F38-88F2-21F66317A5C7}.MinSizeRel|x64.ActiveCfg = MinSizeRel|Win32
		{3D661FA5-6F77-3F38-88F2-21F66317A5C7}.Release|Win32.ActiveCfg = Release|Win32
		{3D661FA5-6F77-3F38-88F2-21F66317A5C7}.Release|Win32.Build.0 = Release|Win32
		{3D661FA5-6F77-3F38-88F2-21F66317A5C7}.Release|x64.ActiveCfg = Release|Win32
		{3D661FA5-6F77-3F38-88F2-21F66317A5C7}.RelWithDebInfo|Win32.ActiveCfg = RelWithDebInfo|Win32
		{3D661FA5-6F77-3F38-88F2-21F66317A5C7}.RelWithDebInfo|Win32.Build.0 = RelWithDebInfo|Win32
		{3D661FA5-6F77-3F38-88F2-21F66317A5C7}.RelWithDebInfo|x64.ActiveCfg = RelWithDebInfo|Win32
		{F95F73D2-52F7-3B96-B597-5F469F032C99}.Debug|Win32.ActiveCfg = Debug|Win32
		{F95F73D2-52F7-3B96-B597-5F469F032C99}.Debug|Win32.Build.0 = Debug|Win32
		{F95F73D2-52F7-3B96-B597-5F469F032C99}.Debug|x64.ActiveCfg = Debug|Win32
		{F95F73D2-52F7-3B96-B597-5F469F032C99}.MinSizeRel|Win32.ActiveCfg = MinSizeRel|Win32
		{F95F73D2-52F7-3B96-B597-5F469F032C99}.MinSizeRel|Win32.Build.0 = MinSizeRel|Win32
		{F95F73D2-52F7-3B96-B597-5F469F032C99}.MinSizeRel|x64.ActiveCfg = MinSizeRel|Win32
		{F95F73D2-52F7-3B96-B597-5F469F032C99}.Release|Win32.ActiveCfg = Release|Win32
		{F95F73D2-52F7-3B96-B597-5F469F032C99}.Release|Win32.Build.0 = Release|Win32
		{F95F73D2-52F7-3B96-B597-5F469F032C99}.Release|x64.ActiveCfg = Release|Win32
		{F95F73D2-52F7-3B96-B597-5F469F032C99}.RelWithDebInfo|Win32.ActiveCfg = RelWithDebInfo|Win32
		{F95F73D2-52F7-3B96-B597-5F469F032C99}.RelWithDebInfo|Win32.Build.0 = RelWithDebInfo|Win32
		{F95F73D2-52F7-3B96-B597-5F469F032C99}.RelWithDebInfo|x64.ActiveCfg = RelWithDebInfo|Win32
		{7940F5F8-C71C-3426-ABA1-58BFE5C29BEC}.Debug|Win32.ActiveCfg = Debug|Win32
		{7940F5F8-C71C-3426-ABA1-58BFE5C29BEC}.Debug|Win32.Build.0 = Debug|Win32
		{7940F5F8-C71C-3426-ABA1-58BFE5C29BEC}.Debug|x64.ActiveCfg = Debug|Win32
		{7940F5F8-C71C-3426-ABA1-58BFE5C29BEC}.MinSizeRel|Win32.ActiveCfg = MinSizeRel|Win32
		{7940F5F8-C71C-3426-ABA1-58BFE5C29BEC}.MinSizeRel|Win32.Build.0 = MinSizeRel|Win32
		{7940F5F8-C71C-3426-ABA1-58BFE5C29BEC}.MinSizeRel|x64.ActiveCfg = MinSizeRel|Win32
		{7940F5F8-C71C-3426-ABA1-58BFE5C29BEC}.Release|Win32.ActiveCfg = Release|Win32
		{7940F5F8-C71C-3426-ABA1-58BFE5C29BEC}.Release|Win32.Build.0 = Release|Win32
		{7940F5F8-C71C-3426-ABA1-58BFE5C29BEC}.Release|x64.ActiveCfg = Release|Win32
		{7940F5F8-C71C-3426-ABA1-58BFE5C29BEC}.RelWithDebInfo|Win32.ActiveCfg = RelWithDebInfo|Win32
		{7940F5F8-C71C-3426-ABA1-58BFE5C29BEC}.RelWithDebInfo|Win32.Build.0 = RelWithDebInfo|Win32
		{7940F5F8-C71C-3426-ABA1-58BFE5C29BEC}.RelWithDebInfo|x64.ActiveCfg = RelWithDebInfo|Win32
		{5FC4961E-C047-3FD4-B46D-FF6953040773}.Debug|Win32.ActiveCfg = Debug|Win32
		{5FC4961E-C047-3FD4-B46D-FF6953040773}.Debug|Win32.Build.0 = Debug|Win32
		{5FC4961E-C047-3FD4-B46D-FF6953040773}.Debug|x64.ActiveCfg = Debug|Win32
		{5FC4961E-C047-3FD4-B46D-FF6953040773}.MinSizeRel|Win32.ActiveCfg = MinSizeRel|Win32
		{5FC4961E-C047-3FD4-B46D-FF6953040773}.MinSizeRel|Win32.Build.0 = MinSizeRel|Win32
		{5FC4961E-C047-3FD4-B46D-FF6953040773}.MinSizeRel|x64.ActiveCfg = MinSizeRel|Win32
		{5FC4961E-C047-3FD4-B46D-FF6953040773}.Release|Win32.ActiveCfg = Release|Win32
		{5FC4961E-C047-3FD4-B46D-FF6953040773}.Release|Win32.Build.0 = Release|Win32
		{5FC4961E-C047-3FD4-B46D-FF6953040773}.Release|x64.ActiveCfg = Release|Win32
		{5FC4961E-C047-3FD4-B46D-FF6953040773}.RelWithDebInfo|Win32.ActiveCfg = RelWithDebInfo|Win32
		{5FC4961E-C047-3FD4-B46D-FF6953040773}.RelWithDebInfo|Win32.Build.0 = RelWithDebInfo|Win32
		{5FC4961E-C047-3FD4-B46D-FF6953040773}.RelWithDebInfo|x64.ActiveCfg = RelWithDebInfo|Win32
		{17446EF2-1411-3BFE-915E-D79EA8F3F399}.Debug|Win32.ActiveCfg = Debug|Win32
		{17446EF2-1411-3BFE-915E-D79EA8F3F399}.Debug|Win32.Build.0 = Debug|Win32
		{17446EF2-1411-3BFE-915E-D79EA8F3F399}.Debug|x64.ActiveCfg = Debug|Win32
		{17446EF2-1411-3BFE-915E-D79EA8F3F399}.MinSizeRel|Win32.ActiveCfg = MinSizeRel|Win32
		{17446EF2-1411-3BFE-915E-D79EA8F3F399}.MinSizeRel|Win32.Build.0 = MinSizeRel|Win32
		{17446EF2-1411-3BFE-915E-D79EA8F3F399}.MinSizeRel|x64.ActiveCfg = MinSizeRel|Win32
		{17446EF2-1411-3BFE-915E-D79EA8F3F399}.Release|Win32.ActiveCfg = Release|Win32
		{17446EF2-1411-3BFE-915E-D79EA8F3F399}.Release|Win32.Build.0 = Release|Win32
		{17446EF2-1411-3BFE-915E-D79EA8F3F399}.Release|x64.ActiveCfg = Release|Win32
		{17446EF2-1411-3BFE-915E-D79EA8F3F399}.RelWithDebInfo|Win32.ActiveCfg = RelWithDebInfo|Win32
		{17446EF2-1411-3BFE-915E-D79EA8F3F399}.RelWithDebInfo|Win32.Build.0 = RelWithDebInfo|Win32
		{17446EF2-1411-3BFE-915E-D79EA8F3F399}.RelWithDebInfo|x64.ActiveCfg = RelWithDebInfo|Win32
		{42B48128-BD22-3152-9F2F-B0FD8352283A}.Debug|Win32.ActiveCfg = Debug|Win32
		{42B48128-BD22-3152-9F2F-B0FD8352283A}.Debug|Win32.Build.0 = Debug|Win32
		{42B48128-BD22-3152-9F2F-B0FD8352283A}.Debug|x64.ActiveCfg = Debug|Win32
		{42B48128-BD22-3152-9F2F-B0FD8352283A}.MinSizeRel|Win32.ActiveCfg = MinSizeRel|Win32
		{42B48128-BD22-3152-9F2F-B0FD8352283A}.MinSizeRel|Win32.Build.0 = MinSizeRel|Win32
		{42B48128-BD22-3152-9F2F-B0FD8352283A}.MinSizeRel|x64.ActiveCfg = MinSizeRel|Win32
		{42B48128-BD22-3152-9F2F-B0FD8352283A}.Release|Win32.ActiveCfg = Release|Win32
		{42B48128-BD22-3152-9F2F-B0FD8352283A}.Release|Win32.Build.0 = Release|Win32
		{42B48128-BD22-3152-9F2F-B0FD8352283A}.Release|x64.ActiveCfg = Release|Win32
		{42B48128-BD22-3152-9F2F-B0FD8352283A}.RelWithDebInfo|Win32.ActiveCfg = RelWithDebInfo|Win32
		{42B48128-BD22-3152-9F2F-B0FD8352283A}.RelWithDebInfo|Win32.Build.0 = RelWithDebInfo|Win32
		{42B48128-BD22-3152-9F2F-B0FD8352283A}.RelWithDebInfo|x64.ActiveCfg = RelWithDebInfo|Win32
		{C38C2FBF-8D44-3F96-B253-0DD3C7DBA4FC}.Debug|Win32.ActiveCfg = Debug|Win32
		{C38C2FBF-8D44-3F96-B253-0DD3C7DBA4FC}.Debug|Win32.Build.0 = Debug|Win32
		{C38C2FBF-8D44-3F96-B253-0DD3C7DBA4FC}.Debug|x64.ActiveCfg = Debug|Win32
		{C38C2FBF-8D44-3F96-B253-0DD3C7DBA4FC}.MinSizeRel|Win32.ActiveCfg = MinSizeRel|Win32
		{C38C2FBF-8D44-3F96-B253-0DD3C7DBA4FC}.MinSizeRel|Win32.Build.0 = MinSizeRel|Win32
		{C38C2FBF-8D44-3F96-B253-0DD3C7DBA4FC}.MinSizeRel|x64.ActiveCfg = MinSizeRel|Win32
		{C38C2FBF-8D44-3F96-B253-0DD3C7DBA4FC}.Release|Win32.ActiveCfg = Release|Win32
		{C38C2FBF-8D44-3F96-B253-0DD3C7DBA4FC}.Release|Win32.Build.0 = Release|Win32
		{C38C2FBF-8D44-3F96-B253-0DD3C7DBA4FC}.Release|x64.ActiveCfg = Release|Win32
		{C38C2FBF-8D44-3F96-B253-0DD3C7DBA4FC}.RelWithDebInfo|Win32.ActiveCfg = RelWithDebInfo|Win32
		{C38C2FBF-8D44-3F96-B253-0DD3C7DBA4FC}.RelWithDebInfo|Win32.Build.0 = RelWithDebInfo|Win32
		{C38C2FBF-8D44-3F96-B253-0DD3C7DBA4FC}.RelWithDebInfo|x64.ActiveCfg = RelWithDebInfo|Win32
		{CC2CF6EC-5546-34FA-B9C6-74F7AA5D5C60}.Debug|Win32.ActiveCfg = Debug|Win32
		{CC2CF6EC-5546-34FA-B9C6-74F7AA5D5C60}.Debug|Win32.Build.0 = Debug|Win32
		{CC2CF6EC-5546-34FA-B9C6-74F7AA5D5C60}.Debug|x64.ActiveCfg = Debug|Win32
		{CC2CF6EC-5546-34FA-B9C6-74F7AA5D5C60}.MinSizeRel|Win32.ActiveCfg = MinSizeRel|Win32
		{CC2CF6EC-5546-34FA-B9C6-74F7AA5D5C60}.MinSizeRel|Win32.Build.0 = MinSizeRel|Win32
		{CC2CF6EC-5546-34FA-B9C6-74F7AA5D5C60}.MinSizeRel|x64.ActiveCfg = MinSizeRel|Win32
		{CC2CF6EC-5546-34FA-B9C6-74F7AA5D5C60}.Release|Win32.ActiveCfg = Release|Win32
		{CC2CF6EC-5546-34FA-B9C6-74F7AA5D5C60}.Release|Win32.Build.0 = Release|Win32
		{CC2CF6EC-5546-34FA-B9C6-74F7AA5D5C60}.Release|x64.ActiveCfg = Release|Win32
		{CC2CF6EC-5546-34FA-B9C6-74F7AA5D5C60}.RelWithDebInfo|Win32.ActiveCfg = RelWithDebInfo|Win32
		{CC2CF6EC-5546-34FA-B9C6-74F7AA5D5C60}.RelWithDebInfo|Win32.Build.0 = RelWithDebInfo|Win32
		{CC2CF6EC-5546-34FA-B9C6-74F7AA5D5C60}.RelWithDebInfo|x64.ActiveCfg = RelWithDebInfo|Win32
		{9C23FE03-2466-3911-8026-78986CE255FA}.Debug|Win32.ActiveCfg = Debug|Win32
		{9C23FE03-2466-3911-8026-78986CE255FA}.Debug|Win32.Build.0 = Debug|Win32
		{9C23FE03-2466-3911-8026-78986CE255FA}.Debug|x64.ActiveCfg = Debug|Win32
		{9C23FE03-2466-3911-8026-78986CE255FA}.MinSizeRel|Win32.ActiveCfg = MinSizeRel|Win32
		{9C23FE03-2466-3911-8026-78986CE255FA}.MinSizeRel|Win32.Build.0 = MinSizeRel|Win32
		{9C23FE03-2466-3911-8026-78986CE255FA}.MinSizeRel|x64.ActiveCfg = MinSizeRel|Win32
		{9C23FE03-2466-3911-8026-78986CE255FA}.Release|Win32.ActiveCfg = Release|Win32
		{9C23FE03-2466-3911-8026-78986CE255FA}.Release|Win32.Build.0 = Release|Win32
		{9C23FE03-2466-3911-8026-78986CE255FA}.Release|x64.ActiveCfg = Release|Win32
		{9C23FE03-2466-3911-8026-78986CE255FA}.RelWithDebInfo|Win32.ActiveCfg = RelWithDebInfo|Win32
		{9C23FE03-2466-3911-8026-78986CE255FA}.RelWithDebInfo|Win32.Build.0 = RelWithDebInfo|Win32
		{9C23FE03-2466-3911-8026-78986CE255FA}.RelWithDebInfo|x64.ActiveCfg = RelWithDebInfo|Win32
		{7E9A835C-90E7-386C-A26E-F2EC3E571B8D}.Debug|Win32.ActiveCfg = Debug|Win32
		{7E9A835C-90E7-386C-A26E-F2EC3E571B8D}.Debug|Win32.Build.0 = Debug|Win32
		{7E9A835C-90E7-386C-A26E-F2EC3E571B8D}.Debug|x64.ActiveCfg = Debug|Win32
		{7E9A835C-90E7-386C-A26E-F2EC3E571B8D}.MinSizeRel|Win32.ActiveCfg = MinSizeRel|Win32
		{7E9A835C-90E7-386C-A26E-F2EC3E571B8D}.MinSizeRel|Win32.Build.0 = MinSizeRel|Win32
		{7E9A835C-90E7-386C-A26E-F2EC3E571B8D}.MinSizeRel|x64.ActiveCfg = MinSizeRel|Win32
		{7E9A835C-90E7-386C-A26E-F2EC3E571B8D}.Release|Win32.ActiveCfg = Release|Win32
		{7E9A835C-90E7-386C-A26E-F2EC3E571B8D}.Release|Win32.Build.0 = Release|Win32
		{7E9A835C-90E7-386C-A26E-F2EC3E571B8D}.Release|x64.ActiveCfg = Release|Win32
		{7E9A835C-90E7-386C-A26E-F2EC3E571B8D}.RelWithDebInfo|Win32.ActiveCfg = RelWithDebInfo|Win32
		{7E9A835C-90E7-386C-A26E-F2EC3E571B8D}.RelWithDebInfo|Win32.Build.0 = RelWithDebInfo|Win32
		{7E9A835C-90E7-386C-A26E-F2EC3E571B8D}.RelWithDebInfo|x64.ActiveCfg = RelWithDebInfo|Win32
		{21205C54-0EAF-3F36-BB6F-A19303DA6D94}.Debug|Win32.ActiveCfg = Debug|Win32
		{21205C54-0EAF-3F36-BB6F-A19303DA6D94}.Debug|Win32.Build.0 = Debug|Win32
		{21205C54-0EAF-3F36-BB6F-A19303DA6D94}.Debug|x64.ActiveCfg = Debug|Win32
		{21205C54-0EAF-3F36-BB6F-A19303DA6D94}.MinSizeRel|Win32.ActiveCfg = MinSizeRel|Win32
		{21205C54-0EAF-3F36-BB6F-A19303DA6D94}.MinSizeRel|Win32.Build.0 = MinSizeRel|Win32
		{21205C54-0EAF-3F36-BB6F-A19303DA6D94}.MinSizeRel|x64.ActiveCfg = MinSizeRel|Win32
		{21205C54-0EAF-3F36-BB6F-A19303DA6D94}.Release|Win32.ActiveCfg = Release|Win32
		{21205C54-0EAF-3F36-BB6F-A19303DA6D94}.Release|Win32.Build.0 = Release|Win32
		{21205C54-0EAF-3F36-BB6F-A19303DA6D94}.Release|x64.ActiveCfg = Release|Win32
		{21205C54-0EAF-3F36-BB6F-A19303DA6D94}.RelWithDebInfo|Win32.ActiveCfg = RelWithDebInfo|Win32
		{21205C54-0EAF-3F36-BB6F-A19303DA6D94}.RelWithDebInfo|Win32.Build.0 = RelWithDebInfo|Win32
		{21205C54-0EAF-3F36-BB6F-A19303DA6D94}.RelWithDebInfo|x64.ActiveCfg = RelWithDebInfo|Win32
		{1913DB3E-C191-3ECE-BDFF-38001DF60D73}.Debug|Win32.ActiveCfg = Debug|Win32
		{1913DB3E-C191-3ECE-BDFF-38001DF60D73}.Debug|Win32.Build.0 = Debug|Win32
		{1913DB3E-C191-3ECE-BDFF-38001DF60D73}.Debug|x64.ActiveCfg = Debug|Win32
		{1913DB3E-C191-3ECE-BDFF-38001DF60D73}.MinSizeRel|Win32.ActiveCfg = MinSizeRel|Win32
		{1913DB3E-C191-3ECE-BDFF-38001DF60D73}.MinSizeRel|Win32.Build.0 = MinSizeRel|Win32
		{1913DB3E-C191-3ECE-BDFF-38001DF60D73}.MinSizeRel|x64.ActiveCfg = MinSizeRel|Win32
		{1913DB3E-C191-3ECE-BDFF-38001DF60D73}.Release|Win32.ActiveCfg = Release|Win32
		{1913DB3E-C191-3ECE-BDFF-38001DF60D73}.Release|Win32.Build.0 = Release|Win32
		{1913DB3E-C191-3ECE-BDFF-38001DF60D73}.Release|x64.ActiveCfg = Release|Win32
		{1913DB3E-C191-3ECE-BDFF-38001DF60D73}.RelWithDebInfo|Win32.ActiveCfg = RelWithDebInfo|Win32
		{1913DB3E-C191-3ECE-BDFF-38001DF60D73}.RelWithDebInfo|Win32.Build.0 = RelWithDebInfo|Win32
		{1913DB3E-C191-3ECE-BDFF-38001DF60D73}.RelWithDebInfo|x64.ActiveCfg = RelWithDebInfo|Win32
		{6521DB39-5638-3268-9A5F-7C06C32D357C}.Debug|Win32.ActiveCfg = Debug|Win32
		{6521DB39-5638-3268-9A5F-7C06C32D357C}.Debug|Win32.Build.0 = Debug|Win32
		{6521DB39-5638-3268-9A5F-7C06C32D357C}.Debug|x64.ActiveCfg = Debug|Win32
		{6521DB39-5638-3268-9A5F-7C06C32D357C}.MinSizeRel|Win32.ActiveCfg = MinSizeRel|Win32
		{6521DB39-5638-3268-9A5F-7C06C32D357C}.MinSizeRel|Win32.Build.0 = MinSizeRel|Win32
		{6521DB39-5638-3268-9A5F-7C06C32D357C}.MinSizeRel|x64.ActiveCfg = MinSizeRel|Win32
		{6521DB39-5638-3268-9A5F-7C06C32D357C}.Release|Win32.ActiveCfg = Release|Win32
		{6521DB39-5638-3268-9A5F-7C06C32D357C}.Release|Win32.Build.0 = Release|Win32
		{6521DB39-5638-3268-9A5F-7C06C32D357C}.Release|x64.ActiveCfg = Release|Win32
		{6521DB39-5638-3268-9A5F-7C06C32D357C}.RelWithDebInfo|Win32.ActiveCfg = RelWithDebInfo|Win32
		{6521DB39-5638-3268-9A5F-7C06C32D357C}.RelWithDebInfo|Win32.Build.0 = RelWithDebInfo|Win32
		{6521DB39-5638-3268-9A5F-7C06C32D357C}.RelWithDebInfo|x64.ActiveCfg = RelWithDebInfo|Win32
		{05860E8C-9F82-3B53-BA31-90504173230F}.Debug|Win32.ActiveCfg = Debug|Win32
		{05860E8C-9F82-3B53-BA31-90504173230F}.Debug|Win32.Build.0 = Debug|Win32
		{05860E8C-9F82-3B53-BA31-90504173230F}.Debug|x64.ActiveCfg = Debug|Win32
		{05860E8C-9F82-3B53-BA31-90504173230F}.MinSizeRel|Win32.ActiveCfg = MinSizeRel|Win32
		{05860E8C-9F82-3B53-BA31-90504173230F}.MinSizeRel|Win32.Build.0 = MinSizeRel|Win32
		{05860E8C-9F82-3B53-BA31-90504173230F}.MinSizeRel|x64.ActiveCfg = MinSizeRel|Win32
		{05860E8C-9F82-3B53-BA31-90504173230F}.Release|Win32.ActiveCfg = Release|Win32
		{05860E8C-9F82-3B53-BA31-90504173230F}.Release|Win32.Build.0 = Release|Win32
		{05860E8C-9F82-3B53-BA31-90504173230F}.Release|x64.ActiveCfg = Release|Win32
		{05860E8C-9F82-3B53-BA31-90504173230F}.RelWithDebInfo|Win32.ActiveCfg = RelWithDebInfo|Win32
		{05860E8C-9F82-3B53-BA31-90504173230F}.RelWithDebInfo|Win32.Build.0 = RelWithDebInfo|Win32
		{05860E8C-9F82-3B53-BA31-90504173230F}.RelWithDebInfo|x64.ActiveCfg = RelWithDebInfo|Win32
		{C458DD4B-D764-3D72-A949-3DA4A4063721}.Debug|Win32.ActiveCfg = Debug|Win32
		{C458DD4B-D764-3D72-A949-3DA4A4063721}.Debug|Win32.Build.0 = Debug|Win32
		{C458DD4B-D764-3D72-A949-3DA4A4063721}.Debug|x64.ActiveCfg = Debug|Win32
		{C458DD4B-D764-3D72-A949-3DA4A4063721}.MinSizeRel|Win32.ActiveCfg = MinSizeRel|Win32
		{C458DD4B-D764-3D72-A949-3DA4A4063721}.MinSizeRel|Win32.Build.0 = MinSizeRel|Win32
		{C458DD4B-D764-3D72-A949-3DA4A4063721}.MinSizeRel|x64.ActiveCfg = MinSizeRel|Win32
		{C458DD4B-D764-3D72-A949-3DA4A4063721}.Release|Win32.ActiveCfg = Release|Win32
		{C458DD4B-D764-3D72-A949-3DA4A4063721}.Release|Win32.Build.0 = Release|Win32
		{C458DD4B-D764-3D72-A949-3DA4A4063721}.Release|x64.ActiveCfg = Release|Win32
		{C458DD4B-D764-3D72-A949-3DA4A4063721}.RelWithDebInfo|Win32.ActiveCfg = RelWithDebInfo|Win32
		{C458DD4B-D764-3D72-A949-3DA4A4063721}.RelWithDebInfo|Win32.Build.0 = RelWithDebInfo|Win32
		{C458DD4B-D764-3D72-A949-3DA4A4063721}.RelWithDebInfo|x64.ActiveCfg = RelWithDebInfo|Win32
		{398D6E82-B093-3D63-BFD4-48A079B4145C}.Debug|Win32.ActiveCfg = Debug|Win32
		{398D6E82-B093-3D63-BFD4-48A079B4145C}.Debug|Win32.Build.0 = Debug|Win32
		{398D6E82-B093-3D63-BFD4-48A079B4145C}.Debug|x64.ActiveCfg = Debug|Win32
		{398D6E82-B093-3D63-BFD4-48A079B4145C}.MinSizeRel|Win32.ActiveCfg = MinSizeRel|Win32
		{398D6E82-B093-3D63-BFD4-48A079B4145C}.MinSizeRel|Win32.Build.0 = MinSizeRel|Win32
		{398D6E82-B093-3D63-BFD4-48A079B4145C}.MinSizeRel|x64.ActiveCfg = MinSizeRel|Win32
		{398D6E82-B093-3D63-BFD4-48A079B4145C}.Release|Win32.ActiveCfg = Release|Win32
		{398D6E82-B093-3D63-BFD4-48A079B4145C}.Release|Win32.Build.0 = Release|Win32
		{398D6E82-B093-3D63-BFD4-48A079B4145C}.Release|x64.ActiveCfg = Release|Win32
		{398D6E82-B093-3D63-BFD4-48A079B4145C}.RelWithDebInfo|Win32.ActiveCfg = RelWithDebInfo|Win32
		{398D6E82-B093-3D63-BFD4-48A079B4145C}.RelWithDebInfo|Win32.Build.0 = RelWithDebInfo|Win32
		{398D6E82-B093-3D63-BFD4-48A079B4145C}.RelWithDebInfo|x64.ActiveCfg = RelWithDebInfo|Win32
		{8F4516B8-07CC-3311-98F9-B230172E747C}.Debug|Win32.ActiveCfg = Debug|Win32
		{8F4516B8-07CC-3311-98F9-B230172E747C}.Debug|Win32.Build.0 = Debug|Win32
		{8F4516B8-07CC-3311-98F9-B230172E747C}.Debug|x64.ActiveCfg = Debug|Win32
		{8F4516B8-07CC-3311-98F9-B230172E747C}.MinSizeRel|Win32.ActiveCfg = MinSizeRel|Win32
		{8F4516B8-07CC-3311-98F9-B230172E747C}.MinSizeRel|Win32.Build.0 = MinSizeRel|Win32
		{8F4516B8-07CC-3311-98F9-B230172E747C}.MinSizeRel|x64.ActiveCfg = MinSizeRel|Win32
		{8F4516B8-07CC-3311-98F9-B230172E747C}.Release|Win32.ActiveCfg = Release|Win32
		{8F4516B8-07CC-3311-98F9-B230172E747C}.Release|Win32.Build.0 = Release|Win32
		{8F4516B8-07CC-3311-98F9-B230172E747C}.Release|x64.ActiveCfg = Release|Win32
		{8F4516B8-07CC-3311-98F9-B230172E747C}.RelWithDebInfo|Win32.ActiveCfg = RelWithDebInfo|Win32
		{8F4516B8-07CC-3311-98F9-B230172E747C}.RelWithDebInfo|Win32.Build.0 = RelWithDebInfo|Win32
		{8F4516B8-07CC-3311-98F9-B230172E747C}.RelWithDebInfo|x64.ActiveCfg = RelWithDebInfo|Win32
		{DB082D4B-5F1D-3837-99C7-0DDDCA7517D2}.Debug|Win32.ActiveCfg = Debug|Win32
		{DB082D4B-5F1D-3837-99C7-0DDDCA7517D2}.Debug|Win32.Build.0 = Debug|Win32
		{DB082D4B-5F1D-3837-99C7-0DDDCA7517D2}.Debug|x64.ActiveCfg = Debug|Win32
		{DB082D4B-5F1D-3837-99C7-0DDDCA7517D2}.MinSizeRel|Win32.ActiveCfg = MinSizeRel|Win32
		{DB082D4B-5F1D-3837-99C7-0DDDCA7517D2}.MinSizeRel|Win32.Build.0 = MinSizeRel|Win32
		{DB082D4B-5F1D-3837-99C7-0DDDCA7517D2}.MinSizeRel|x64.ActiveCfg = MinSizeRel|Win32
		{DB082D4B-5F1D-3837-99C7-0DDDCA7517D2}.Release|Win32.ActiveCfg = Release|Win32
		{DB082D4B-5F1D-3837-99C7-0DDDCA7517D2}.Release|Win32.Build.0 = Release|Win32
		{DB082D4B-5F1D-3837-99C7-0DDDCA7517D2}.Release|x64.ActiveCfg = Release|Win32
		{DB082D4B-5F1D-3837-99C7-0DDDCA7517D2}.RelWithDebInfo|Win32.ActiveCfg = RelWithDebInfo|Win32
		{DB082D4B-5F1D-3837-99C7-0DDDCA7517D2}.RelWithDebInfo|Win32.Build.0 = RelWithDebInfo|Win32
		{DB082D4B-5F1D-3837-99C7-0DDDCA7517D2}.RelWithDebInfo|x64.ActiveCfg = RelWithDebInfo|Win32
		{93E5B02B-4F55-3EF0-8324-59D266AE3319}.Debug|Win32.ActiveCfg = Debug|Win32
		{93E5B02B-4F55-3EF0-8324-59D266AE3319}.Debug|Win32.Build.0 = Debug|Win32
		{93E5B02B-4F55-3EF0-8324-59D266AE3319}.Debug|x64.ActiveCfg = Debug|Win32
		{93E5B02B-4F55-3EF0-8324-59D266AE3319}.MinSizeRel|Win32.ActiveCfg = MinSizeRel|Win32
		{93E5B02B-4F55-3EF0-8324-59D266AE3319}.MinSizeRel|Win32.Build.0 = MinSizeRel|Win32
		{93E5B02B-4F55-3EF0-8324-59D266AE3319}.MinSizeRel|x64.ActiveCfg = MinSizeRel|Win32
		{93E5B02B-4F55-3EF0-8324-59D266AE3319}.Release|Win32.ActiveCfg = Release|Win32
		{93E5B02B-4F55-3EF0-8324-59D266AE3319}.Release|Win32.Build.0 = Release|Win32
		{93E5B02B-4F55-3EF0-8324-59D266AE3319}.Release|x64.ActiveCfg = Release|Win32
		{93E5B02B-4F55-3EF0-8324-59D266AE3319}.RelWithDebInfo|Win32.ActiveCfg = RelWithDebInfo|Win32
		{93E5B02B-4F55-3EF0-8324-59D266AE3319}.RelWithDebInfo|Win32.Build.0 = RelWithDebInfo|Win32
		{93E5B02B-4F55-3EF0-8324-59D266AE3319}.RelWithDebInfo|x64.ActiveCfg = RelWithDebInfo|Win32
		{C3A67489-83A9-32A1-A9A4-A1C48B7C62E2}.Debug|Win32.ActiveCfg = Debug|Win32
		{C3A67489-83A9-32A1-A9A4-A1C48B7C62E2}.Debug|Win32.Build.0 = Debug|Win32
		{C3A67489-83A9-32A1-A9A4-A1C48B7C62E2}.Debug|x64.ActiveCfg = Debug|Win32
		{C3A67489-83A9-32A1-A9A4-A1C48B7C62E2}.MinSizeRel|Win32.ActiveCfg = MinSizeRel|Win32
		{C3A67489-83A9-32A1-A9A4-A1C48B7C62E2}.MinSizeRel|Win32.Build.0 = MinSizeRel|Win32
		{C3A67489-83A9-32A1-A9A4-A1C48B7C62E2}.MinSizeRel|x64.ActiveCfg = MinSizeRel|Win32
		{C3A67489-83A9-32A1-A9A4-A1C48B7C62E2}.Release|Win32.ActiveCfg = Release|Win32
		{C3A67489-83A9-32A1-A9A4-A1C48B7C62E2}.Release|Win32.Build.0 = Release|Win32
		{C3A67489-83A9-32A1-A9A4-A1C48B7C62E2}.Release|x64.ActiveCfg = Release|Win32
		{C3A67489-83A9-32A1-A9A4-A1C48B7C62E2}.RelWithDebInfo|Win32.ActiveCfg = RelWithDebInfo|Win32
		{C3A67489-83A9-32A1-A9A4-A1C48B7C62E2}.RelWithDebInfo|Win32.Build.0 = RelWithDebInfo|Win32
		{C3A67489-83A9-32A1-A9A4-A1C48B7C62E2}.RelWithDebInfo|x64.ActiveCfg = RelWithDebInfo|Win32
		{89C66847-426C-33C8-89FA-3FFDC8E23830}.Debug|Win32.ActiveCfg = Debug|Win32
		{89C66847-426C-33C8-89FA-3FFDC8E23830}.Debug|Win32.Build.0 = Debug|Win32
		{89C66847-426C-33C8-89FA-3FFDC8E23830}.Debug|x64.ActiveCfg = Debug|Win32
		{89C66847-426C-33C8-89FA-3FFDC8E23830}.MinSizeRel|Win32.ActiveCfg = MinSizeRel|Win32
		{89C66847-426C-33C8-89FA-3FFDC8E23830}.MinSizeRel|Win32.Build.0 = MinSizeRel|Win32
		{89C66847-426C-33C8-89FA-3FFDC8E23830}.MinSizeRel|x64.ActiveCfg = MinSizeRel|Win32
		{89C66847-426C-33C8-89FA-3FFDC8E23830}.Release|Win32.ActiveCfg = Release|Win32
		{89C66847-426C-33C8-89FA-3FFDC8E23830}.Release|Win32.Build.0 = Release|Win32
		{89C66847-426C-33C8-89FA-3FFDC8E23830}.Release|x64.ActiveCfg = Release|Win32
		{89C66847-426C-33C8-89FA-3FFDC8E23830}.RelWithDebInfo|Win32.ActiveCfg = RelWithDebInfo|Win32
		{89C66847-426C-33C8-89FA-3FFDC8E23830}.RelWithDebInfo|Win32.Build.0 = RelWithDebInfo|Win32
		{89C66847-426C-33C8-89FA-3FFDC8E23830}.RelWithDebInfo|x64.ActiveCfg = RelWithDebInfo|Win32
		{26A9652D-C239-368F-A7A8-68190D8FCA32}.Debug|Win32.ActiveCfg = Debug|Win32
		{26A9652D-C239-368F-A7A8-68190D8FCA32}.Debug|Win32.Build.0 = Debug|Win32
		{26A9652D-C239-368F-A7A8-68190D8FCA32}.Debug|x64.ActiveCfg = Debug|Win32
		{26A9652D-C239-368F-A7A8-68190D8FCA32}.MinSizeRel|Win32.ActiveCfg = MinSizeRel|Win32
		{26A9652D-C239-368F-A7A8-68190D8FCA32}.MinSizeRel|Win32.Build.0 = MinSizeRel|Win32
		{26A9652D-C239-368F-A7A8-68190D8FCA32}.MinSizeRel|x64.ActiveCfg = MinSizeRel|Win32
		{26A9652D-C239-368F-A7A8-68190D8FCA32}.Release|Win32.ActiveCfg = Release|Win32
		{26A9652D-C239-368F-A7A8-68190D8FCA32}.Release|Win32.Build.0 = Release|Win32
		{26A9652D-C239-368F-A7A8-68190D8FCA32}.Release|x64.ActiveCfg = Release|Win32
		{26A9652D-C239-368F-A7A8-68190D8FCA32}.RelWithDebInfo|Win32.ActiveCfg = RelWithDebInfo|Win32
		{26A9652D-C239-368F-A7A8-68190D8FCA32}.RelWithDebInfo|Win32.Build.0 = RelWithDebInfo|Win32
		{26A9652D-C239-368F-A7A8-68190D8FCA32}.RelWithDebInfo|x64.ActiveCfg = RelWithDebInfo|Win32
		{01161F85-4E91-3FB1-9B48-936EC32DBA91}.Debug|Win32.ActiveCfg = Debug|Win32
		{01161F85-4E91-3FB1-9B48-936EC32DBA91}.Debug|Win32.Build.0 = Debug|Win32
		{01161F85-4E91-3FB1-9B48-936EC32DBA91}.Debug|x64.ActiveCfg = Debug|Win32
		{01161F85-4E91-3FB1-9B48-936EC32DBA91}.MinSizeRel|Win32.ActiveCfg = MinSizeRel|Win32
		{01161F85-4E91-3FB1-9B48-936EC32DBA91}.MinSizeRel|Win32.Build.0 = MinSizeRel|Win32
		{01161F85-4E91-3FB1-9B48-936EC32DBA91}.MinSizeRel|x64.ActiveCfg = MinSizeRel|Win32
		{01161F85-4E91-3FB1-9B48-936EC32DBA91}.Release|Win32.ActiveCfg = Release|Win32
		{01161F85-4E91-3FB1-9B48-936EC32DBA91}.Release|Win32.Build.0 = Release|Win32
		{01161F85-4E91-3FB1-9B48-936EC32DBA91}.Release|x64.ActiveCfg = Release|Win32
		{01161F85-4E91-3FB1-9B48-936EC32DBA91}.RelWithDebInfo|Win32.ActiveCfg = RelWithDebInfo|Win32
		{01161F85-4E91-3FB1-9B48-936EC32DBA91}.RelWithDebInfo|Win32.Build.0 = RelWithDebInfo|Win32
		{01161F85-4E91-3FB1-9B48-936EC32DBA91}.RelWithDebInfo|x64.ActiveCfg = RelWithDebInfo|Win32
		{B5D0333D-EB1B-385D-BB4E-1A3201C70F99}.Debug|Win32.ActiveCfg = Debug|Win32
		{B5D0333D-EB1B-385D-BB4E-1A3201C70F99}.Debug|Win32.Build.0 = Debug|Win32
		{B5D0333D-EB1B-385D-BB4E-1A3201C70F99}.Debug|x64.ActiveCfg = Debug|Win32
		{B5D0333D-EB1B-385D-BB4E-1A3201C70F99}.MinSizeRel|Win32.ActiveCfg = MinSizeRel|Win32
		{B5D0333D-EB1B-385D-BB4E-1A3201C70F99}.MinSizeRel|Win32.Build.0 = MinSizeRel|Win32
		{B5D0333D-EB1B-385D-BB4E-1A3201C70F99}.MinSizeRel|x64.ActiveCfg = MinSizeRel|Win32
		{B5D0333D-EB1B-385D-BB4E-1A3201C70F99}.Release|Win32.ActiveCfg = Release|Win32
		{B5D0333D-EB1B-385D-BB4E-1A3201C70F99}.Release|Win32.Build.0 = Release|Win32
		{B5D0333D-EB1B-385D-BB4E-1A3201C70F99}.Release|x64.ActiveCfg = Release|Win32
		{B5D0333D-EB1B-385D-BB4E-1A3201C70F99}.RelWithDebInfo|Win32.ActiveCfg = RelWithDebInfo|Win32
		{B5D0333D-EB1B-385D-BB4E-1A3201C70F99}.RelWithDebInfo|Win32.Build.0 = RelWithDebInfo|Win32
		{B5D0333D-EB1B-385D-BB4E-1A3201C70F99}.RelWithDebInfo|x64.ActiveCfg = RelWithDebInfo|Win32
		{749B3DBB-4425-341B-B16E-2625CAA6074F}.Debug|Win32.ActiveCfg = Debug|Win32
		{749B3DBB-4425-341B-B16E-2625CAA6074F}.Debug|Win32.Build.0 = Debug|Win32
		{749B3DBB-4425-341B-B16E-2625CAA6074F}.Debug|x64.ActiveCfg = Debug|Win32
		{749B3DBB-4425-341B-B16E-2625CAA6074F}.MinSizeRel|Win32.ActiveCfg = MinSizeRel|Win32
		{749B3DBB-4425-341B-B16E-2625CAA6074F}.MinSizeRel|Win32.Build.0 = MinSizeRel|Win32
		{749B3DBB-4425-341B-B16E-2625CAA6074F}.MinSizeRel|x64.ActiveCfg = MinSizeRel|Win32
		{749B3DBB-4425-341B-B16E-2625CAA6074F}.Release|Win32.ActiveCfg = Release|Win32
		{749B3DBB-4425-341B-B16E-2625CAA6074F}.Release|Win32.Build.0 = Release|Win32
		{749B3DBB-4425-341B-B16E-2625CAA6074F}.Release|x64.ActiveCfg = Release|Win32
		{749B3DBB-4425-341B-B16E-2625CAA6074F}.RelWithDebInfo|Win32.ActiveCfg = RelWithDebInfo|Win32
		{749B3DBB-4425-341B-B16E-2625CAA6074F}.RelWithDebInfo|Win32.Build.0 = RelWithDebInfo|Win32
		{749B3DBB-4425-341B-B16E-2625CAA6074F}.RelWithDebInfo|x64.ActiveCfg = RelWithDebInfo|Win32
		{039B9945-0E74-3512-A2B5-DDACC01461F3}.Debug|Win32.ActiveCfg = Debug|Win32
		{039B9945-0E74-3512-A2B5-DDACC01461F3}.Debug|Win32.Build.0 = Debug|Win32
		{039B9945-0E74-3512-A2B5-DDACC01461F3}.Debug|x64.ActiveCfg = Debug|Win32
		{039B9945-0E74-3512-A2B5-DDACC01461F3}.MinSizeRel|Win32.ActiveCfg = MinSizeRel|Win32
		{039B9945-0E74-3512-A2B5-DDACC01461F3}.MinSizeRel|Win32.Build.0 = MinSizeRel|Win32
		{039B9945-0E74-3512-A2B5-DDACC01461F3}.MinSizeRel|x64.ActiveCfg = MinSizeRel|Win32
		{039B9945-0E74-3512-A2B5-DDACC01461F3}.Release|Win32.ActiveCfg = Release|Win32
		{039B9945-0E74-3512-A2B5-DDACC01461F3}.Release|Win32.Build.0 = Release|Win32
		{039B9945-0E74-3512-A2B5-DDACC01461F3}.Release|x64.ActiveCfg = Release|Win32
		{039B9945-0E74-3512-A2B5-DDACC01461F3}.RelWithDebInfo|Win32.ActiveCfg = RelWithDebInfo|Win32
		{039B9945-0E74-3512-A2B5-DDACC01461F3}.RelWithDebInfo|Win32.Build.0 = RelWithDebInfo|Win32
		{039B9945-0E74-3512-A2B5-DDACC01461F3}.RelWithDebInfo|x64.ActiveCfg = RelWithDebInfo|Win32
		{B12702AD-ABFB-343A-A199-8E24837244A3}.Debug|Win32.ActiveCfg = Debug|Win32
		{B12702AD-ABFB-343A-A199-8E24837244A3}.Debug|Win32.Build.0 = Debug|Win32
		{B12702AD-ABFB-343A-A199-8E24837244A3}.Debug|x64.ActiveCfg = Debug|Win32
		{B12702AD-ABFB-343A-A199-8E24837244A3}.MinSizeRel|Win32.ActiveCfg = Release|Win32
		{B12702AD-ABFB-343A-A199-8E24837244A3}.MinSizeRel|Win32.Build.0 = Release|Win32
		{B12702AD-ABFB-343A-A199-8E24837244A3}.MinSizeRel|x64.ActiveCfg = Release|Win32
		{B12702AD-ABFB-343A-A199-8E24837244A3}.MinSizeRel|x64.Build.0 = Release|Win32
		{B12702AD-ABFB-343A-A199-8E24837244A3}.Release|Win32.ActiveCfg = Release|Win32
		{B12702AD-ABFB-343A-A199-8E24837244A3}.Release|Win32.Build.0 = Release|Win32
		{B12702AD-ABFB-343A-A199-8E24837244A3}.Release|x64.ActiveCfg = Release|Win32
		{B12702AD-ABFB-343A-A199-8E24837244A3}.RelWithDebInfo|Win32.ActiveCfg = Release|Win32
		{B12702AD-ABFB-343A-A199-8E24837244A3}.RelWithDebInfo|Win32.Build.0 = Release|Win32
		{B12702AD-ABFB-343A-A199-8E24837244A3}.RelWithDebInfo|x64.ActiveCfg = Release|Win32
		{B12702AD-ABFB-343A-A199-8E24837244A3}.RelWithDebInfo|x64.Build.0 = Release|Win32
		{A6CE7CA6-B97C-4BF6-A59A-BF1F8682F898}.Debug|Win32.ActiveCfg = Debug|Win32
		{A6CE7CA6-B97C-4BF6-A59A-BF1F8682F898}.Debug|Win32.Build.0 = Debug|Win32
		{A6CE7CA6-B97C-4BF6-A59A-BF1F8682F898}.Debug|x64.ActiveCfg = Debug|Win32
		{A6CE7CA6-B97C-4BF6-A59A-BF1F8682F898}.MinSizeRel|Win32.ActiveCfg = Release|Win32
		{A6CE7CA6-B97C-4BF6-A59A-BF1F8682F898}.MinSizeRel|Win32.Build.0 = Release|Win32
		{A6CE7CA6-B97C-4BF6-A59A-BF1F8682F898}.MinSizeRel|x64.ActiveCfg = Release|Win32
		{A6CE7CA6-B97C-4BF6-A59A-BF1F8682F898}.MinSizeRel|x64.Build.0 = Release|Win32
		{A6CE7CA6-B97C-4BF6-A59A-BF1F8682F898}.Release|Win32.ActiveCfg = Release|Win32
		{A6CE7CA6-B97C-4BF6-A59A-BF1F8682F898}.Release|Win32.Build.0 = Release|Win32
		{A6CE7CA6-B97C-4BF6-A59A-BF1F8682F898}.Release|x64.ActiveCfg = Release|Win32
		{A6CE7CA6-B97C-4BF6-A59A-BF1F8682F898}.RelWithDebInfo|Win32.ActiveCfg = Release|Win32
		{A6CE7CA6-B97C-4BF6-A59A-BF1F8682F898}.RelWithDebInfo|Win32.Build.0 = Release|Win32
		{A6CE7CA6-B97C-4BF6-A59A-BF1F8682F898}.RelWithDebInfo|x64.ActiveCfg = Release|Win32
		{A6CE7CA6-B97C-4BF6-A59A-BF1F8682F898}.RelWithDebInfo|x64.Build.0 = Release|Win32
	EndGlobalSection
	GlobalSection(SolutionProperties) = preSolution
		HideSolutionNode = FALSE
	EndGlobalSection
	GlobalSection(ExtensibilityGlobals) = postSolution
		SolutionGuid = {FF244739-5730-3C83-BBEE-AB4904FE81BE}
	EndGlobalSection
EndGlobal
