Microsoft Visual Studio Solution File, Format Version 12.00
# Visual Studio 14
Project("{8BC9CEB8-8B4A-11D0-8D11-00A0C91BC942}") = "ALL_BUILD", "ALL_BUILD.vcxproj", "{C527CCA5-99DE-374A-A0AE-8958BED6D11B}"
	ProjectSection(ProjectDependencies) = postProject
		{BD847538-23D6-38C4-A66F-9DB068F41F59} = {BD847538-23D6-38C4-A66F-9DB068F41F59}
		{C3A67489-83A9-32A1-A9A4-A1C48B7C62E2} = {C3A67489-83A9-32A1-A9A4-A1C48B7C62E2}
	EndProjectSection
EndProject
Project("{8BC9CEB8-8B4A-11D0-8D11-00A0C91BC942}") = "INSTALL", "INSTALL.vcxproj", "{2BFDCB8F-620C-3B51-88CA-A8D8BE35F36C}"
	ProjectSection(ProjectDependencies) = postProject
		{C527CCA5-99DE-374A-A0AE-8958BED6D11B} = {C527CCA5-99DE-374A-A0AE-8958BED6D11B}
		{BD847538-23D6-38C4-A66F-9DB068F41F59} = {BD847538-23D6-38C4-A66F-9DB068F41F59}
	EndProjectSection
EndProject
Project("{8BC9CEB8-8B4A-11D0-8D11-00A0C91BC942}") = "PACKAGE", "PACKAGE.vcxproj", "{3C5E33A7-AEAF-357D-8433-2B4D09EF1C1F}"
	ProjectSection(ProjectDependencies) = postProject
		{C527CCA5-99DE-374A-A0AE-8958BED6D11B} = {C527CCA5-99DE-374A-A0AE-8958BED6D11B}
		{BD847538-23D6-38C4-A66F-9DB068F41F59} = {BD847538-23D6-38C4-A66F-9DB068F41F59}
	EndProjectSection
EndProject
Project("{8BC9CEB8-8B4A-11D0-8D11-00A0C91BC942}") = "ZERO_CHECK", "..\..\..\\ZERO_CHECK.vcxproj", "{BD847538-23D6-38C4-A66F-9DB068F41F59}"
	ProjectSection(ProjectDependencies) = postProject
	EndProjectSection
EndProject
Project("{8BC9CEB8-8B4A-11D0-8D11-00A0C91BC942}") = "blake2", "..\..\..\deps\blake2\blake2.vcxproj", "{960E058A-F8B9-3412-A176-16F754782671}"
	ProjectSection(ProjectDependencies) = postProject
		{BD847538-23D6-38C4-A66F-9DB068F41F59} = {BD847538-23D6-38C4-A66F-9DB068F41F59}
	EndProjectSection
EndProject
Project("{8BC9CEB8-8B4A-11D0-8D11-00A0C91BC942}") = "jansson", "..\..\..\deps\jansson\jansson.vcxproj", "{7940F5F8-C71C-3426-ABA1-58BFE5C29BEC}"
	ProjectSection(ProjectDependencies) = postProject
		{BD847538-23D6-38C4-A66F-9DB068F41F59} = {BD847538-23D6-38C4-A66F-9DB068F41F59}
	EndProjectSection
EndProject
Project("{8BC9CEB8-8B4A-11D0-8D11-00A0C91BC942}") = "lzma", "..\..\..\deps\lzma\lzma.vcxproj", "{C38C2FBF-8D44-3F96-B253-0DD3C7DBA4FC}"
	ProjectSection(ProjectDependencies) = postProject
		{BD847538-23D6-38C4-A66F-9DB068F41F59} = {BD847538-23D6-38C4-A66F-9DB068F41F59}
	EndProjectSection
EndProject
Project("{8BC9CEB8-8B4A-11D0-8D11-00A0C91BC942}") = "updater", "updater.vcxproj", "{C3A67489-83A9-32A1-A9A4-A1C48B7C62E2}"
	ProjectSection(ProjectDependencies) = postProject
		{BD847538-23D6-38C4-A66F-9DB068F41F59} = {BD847538-23D6-38C4-A66F-9DB068F41F59}
		{960E058A-F8B9-3412-A176-16F754782671} = {960E058A-F8B9-3412-A176-16F754782671}
		{7940F5F8-C71C-3426-ABA1-58BFE5C29BEC} = {7940F5F8-C71C-3426-ABA1-58BFE5C29BEC}
		{C38C2FBF-8D44-3F96-B253-0DD3C7DBA4FC} = {C38C2FBF-8D44-3F96-B253-0DD3C7DBA4FC}
	EndProjectSection
EndProject
Global
	GlobalSection(SolutionConfigurationPlatforms) = preSolution
		Debug|Win32 = Debug|Win32
		Release|Win32 = Release|Win32
		MinSizeRel|Win32 = MinSizeRel|Win32
		RelWithDebInfo|Win32 = RelWithDebInfo|Win32
	EndGlobalSection
	GlobalSection(ProjectConfigurationPlatforms) = postSolution
		{C527CCA5-99DE-374A-A0AE-8958BED6D11B}.Debug|Win32.ActiveCfg = Debug|Win32
		{C527CCA5-99DE-374A-A0AE-8958BED6D11B}.Debug|Win32.Build.0 = Debug|Win32
		{C527CCA5-99DE-374A-A0AE-8958BED6D11B}.Release|Win32.ActiveCfg = Release|Win32
		{C527CCA5-99DE-374A-A0AE-8958BED6D11B}.Release|Win32.Build.0 = Release|Win32
		{C527CCA5-99DE-374A-A0AE-8958BED6D11B}.MinSizeRel|Win32.ActiveCfg = MinSizeRel|Win32
		{C527CCA5-99DE-374A-A0AE-8958BED6D11B}.MinSizeRel|Win32.Build.0 = MinSizeRel|Win32
		{C527CCA5-99DE-374A-A0AE-8958BED6D11B}.RelWithDebInfo|Win32.ActiveCfg = RelWithDebInfo|Win32
		{C527CCA5-99DE-374A-A0AE-8958BED6D11B}.RelWithDebInfo|Win32.Build.0 = RelWithDebInfo|Win32
		{2BFDCB8F-620C-3B51-88CA-A8D8BE35F36C}.Debug|Win32.ActiveCfg = Debug|Win32
		{2BFDCB8F-620C-3B51-88CA-A8D8BE35F36C}.Release|Win32.ActiveCfg = Release|Win32
		{2BFDCB8F-620C-3B51-88CA-A8D8BE35F36C}.MinSizeRel|Win32.ActiveCfg = MinSizeRel|Win32
		{2BFDCB8F-620C-3B51-88CA-A8D8BE35F36C}.RelWithDebInfo|Win32.ActiveCfg = RelWithDebInfo|Win32
		{3C5E33A7-AEAF-357D-8433-2B4D09EF1C1F}.Debug|Win32.ActiveCfg = Debug|Win32
		{3C5E33A7-AEAF-357D-8433-2B4D09EF1C1F}.Release|Win32.ActiveCfg = Release|Win32
		{3C5E33A7-AEAF-357D-8433-2B4D09EF1C1F}.MinSizeRel|Win32.ActiveCfg = MinSizeRel|Win32
		{3C5E33A7-AEAF-357D-8433-2B4D09EF1C1F}.RelWithDebInfo|Win32.ActiveCfg = RelWithDebInfo|Win32
		{BD847538-23D6-38C4-A66F-9DB068F41F59}.Debug|Win32.ActiveCfg = Debug|Win32
		{BD847538-23D6-38C4-A66F-9DB068F41F59}.Debug|Win32.Build.0 = Debug|Win32
		{BD847538-23D6-38C4-A66F-9DB068F41F59}.Release|Win32.ActiveCfg = Release|Win32
		{BD847538-23D6-38C4-A66F-9DB068F41F59}.Release|Win32.Build.0 = Release|Win32
		{BD847538-23D6-38C4-A66F-9DB068F41F59}.MinSizeRel|Win32.ActiveCfg = MinSizeRel|Win32
		{BD847538-23D6-38C4-A66F-9DB068F41F59}.MinSizeRel|Win32.Build.0 = MinSizeRel|Win32
		{BD847538-23D6-38C4-A66F-9DB068F41F59}.RelWithDebInfo|Win32.ActiveCfg = RelWithDebInfo|Win32
		{BD847538-23D6-38C4-A66F-9DB068F41F59}.RelWithDebInfo|Win32.Build.0 = RelWithDebInfo|Win32
		{960E058A-F8B9-3412-A176-16F754782671}.Debug|Win32.ActiveCfg = Debug|Win32
		{960E058A-F8B9-3412-A176-16F754782671}.Debug|Win32.Build.0 = Debug|Win32
		{960E058A-F8B9-3412-A176-16F754782671}.Release|Win32.ActiveCfg = Release|Win32
		{960E058A-F8B9-3412-A176-16F754782671}.Release|Win32.Build.0 = Release|Win32
		{960E058A-F8B9-3412-A176-16F754782671}.MinSizeRel|Win32.ActiveCfg = MinSizeRel|Win32
		{960E058A-F8B9-3412-A176-16F754782671}.MinSizeRel|Win32.Build.0 = MinSizeRel|Win32
		{960E058A-F8B9-3412-A176-16F754782671}.RelWithDebInfo|Win32.ActiveCfg = RelWithDebInfo|Win32
		{960E058A-F8B9-3412-A176-16F754782671}.RelWithDebInfo|Win32.Build.0 = RelWithDebInfo|Win32
		{7940F5F8-C71C-3426-ABA1-58BFE5C29BEC}.Debug|Win32.ActiveCfg = Debug|Win32
		{7940F5F8-C71C-3426-ABA1-58BFE5C29BEC}.Debug|Win32.Build.0 = Debug|Win32
		{7940F5F8-C71C-3426-ABA1-58BFE5C29BEC}.Release|Win32.ActiveCfg = Release|Win32
		{7940F5F8-C71C-3426-ABA1-58BFE5C29BEC}.Release|Win32.Build.0 = Release|Win32
		{7940F5F8-C71C-3426-ABA1-58BFE5C29BEC}.MinSizeRel|Win32.ActiveCfg = MinSizeRel|Win32
		{7940F5F8-C71C-3426-ABA1-58BFE5C29BEC}.MinSizeRel|Win32.Build.0 = MinSizeRel|Win32
		{7940F5F8-C71C-3426-ABA1-58BFE5C29BEC}.RelWithDebInfo|Win32.ActiveCfg = RelWithDebInfo|Win32
		{7940F5F8-C71C-3426-ABA1-58BFE5C29BEC}.RelWithDebInfo|Win32.Build.0 = RelWithDebInfo|Win32
		{C38C2FBF-8D44-3F96-B253-0DD3C7DBA4FC}.Debug|Win32.ActiveCfg = Debug|Win32
		{C38C2FBF-8D44-3F96-B253-0DD3C7DBA4FC}.Debug|Win32.Build.0 = Debug|Win32
		{C38C2FBF-8D44-3F96-B253-0DD3C7DBA4FC}.Release|Win32.ActiveCfg = Release|Win32
		{C38C2FBF-8D44-3F96-B253-0DD3C7DBA4FC}.Release|Win32.Build.0 = Release|Win32
		{C38C2FBF-8D44-3F96-B253-0DD3C7DBA4FC}.MinSizeRel|Win32.ActiveCfg = MinSizeRel|Win32
		{C38C2FBF-8D44-3F96-B253-0DD3C7DBA4FC}.MinSizeRel|Win32.Build.0 = MinSizeRel|Win32
		{C38C2FBF-8D44-3F96-B253-0DD3C7DBA4FC}.RelWithDebInfo|Win32.ActiveCfg = RelWithDebInfo|Win32
		{C38C2FBF-8D44-3F96-B253-0DD3C7DBA4FC}.RelWithDebInfo|Win32.Build.0 = RelWithDebInfo|Win32
		{C3A67489-83A9-32A1-A9A4-A1C48B7C62E2}.Debug|Win32.ActiveCfg = Debug|Win32
		{C3A67489-83A9-32A1-A9A4-A1C48B7C62E2}.Debug|Win32.Build.0 = Debug|Win32
		{C3A67489-83A9-32A1-A9A4-A1C48B7C62E2}.Release|Win32.ActiveCfg = Release|Win32
		{C3A67489-83A9-32A1-A9A4-A1C48B7C62E2}.Release|Win32.Build.0 = Release|Win32
		{C3A67489-83A9-32A1-A9A4-A1C48B7C62E2}.MinSizeRel|Win32.ActiveCfg = MinSizeRel|Win32
		{C3A67489-83A9-32A1-A9A4-A1C48B7C62E2}.MinSizeRel|Win32.Build.0 = MinSizeRel|Win32
		{C3A67489-83A9-32A1-A9A4-A1C48B7C62E2}.RelWithDebInfo|Win32.ActiveCfg = RelWithDebInfo|Win32
		{C3A67489-83A9-32A1-A9A4-A1C48B7C62E2}.RelWithDebInfo|Win32.Build.0 = RelWithDebInfo|Win32
	EndGlobalSection
	GlobalSection(ExtensibilityGlobals) = postSolution
		SolutionGuid = {E7E1136B-49CA-3FC2-B2C3-345773600104}
	EndGlobalSection
	GlobalSection(ExtensibilityAddIns) = postSolution
	EndGlobalSection
EndGlobal
