<?xml version="1.0" encoding="utf-8"?>
<Project ToolsVersion="14.0" xmlns="http://schemas.microsoft.com/developer/msbuild/2003">
  <ItemGroup>
    <ClCompile Include="F:\obs-studio\plugins\obs-filters\obs-filters.c">
      <Filter>Source Files</Filter>
    </ClCompile>
    <ClCompile Include="F:\obs-studio\plugins\obs-filters\color-correction-filter.c">
      <Filter>Source Files</Filter>
    </ClCompile>
    <ClCompile Include="F:\obs-studio\plugins\obs-filters\async-delay-filter.c">
      <Filter>Source Files</Filter>
    </ClCompile>
    <ClCompile Include="F:\obs-studio\plugins\obs-filters\gpu-delay.c">
      <Filter>Source Files</Filter>
    </ClCompile>
    <ClCompile Include="F:\obs-studio\plugins\obs-filters\crop-filter.c">
      <Filter>Source Files</Filter>
    </ClCompile>
    <ClCompile Include="F:\obs-studio\plugins\obs-filters\scale-filter.c">
      <Filter>Source Files</Filter>
    </ClCompile>
    <ClCompile Include="F:\obs-studio\plugins\obs-filters\scroll-filter.c">
      <Filter>Source Files</Filter>
    </ClCompile>
    <ClCompile Include="F:\obs-studio\plugins\obs-filters\chroma-key-filter.c">
      <Filter>Source Files</Filter>
    </ClCompile>
    <ClCompile Include="F:\obs-studio\plugins\obs-filters\color-key-filter.c">
      <Filter>Source Files</Filter>
    </ClCompile>
    <ClCompile Include="F:\obs-studio\plugins\obs-filters\color-grade-filter.c">
      <Filter>Source Files</Filter>
    </ClCompile>
    <ClCompile Include="F:\obs-studio\plugins\obs-filters\sharpness-filter.c">
      <Filter>Source Files</Filter>
    </ClCompile>
    <ClCompile Include="F:\obs-studio\plugins\obs-filters\gain-filter.c">
      <Filter>Source Files</Filter>
    </ClCompile>
    <ClCompile Include="F:\obs-studio\plugins\obs-filters\noise-gate-filter.c">
      <Filter>Source Files</Filter>
    </ClCompile>
    <ClCompile Include="F:\obs-studio\plugins\obs-filters\mask-filter.c">
      <Filter>Source Files</Filter>
    </ClCompile>
    <ClCompile Include="F:\obs-studio\plugins\obs-filters\invert-audio-polarity.c">
      <Filter>Source Files</Filter>
    </ClCompile>
    <ClCompile Include="F:\obs-studio\plugins\obs-filters\compressor-filter.c">
      <Filter>Source Files</Filter>
    </ClCompile>
    <ClCompile Include="F:\obs-studio\plugins\obs-filters\limiter-filter.c">
      <Filter>Source Files</Filter>
    </ClCompile>
    <ClCompile Include="F:\obs-studio\plugins\obs-filters\expander-filter.c">
      <Filter>Source Files</Filter>
    </ClCompile>
    <ClCompile Include="F:\obs-studio\plugins\obs-filters\luma-key-filter.c">
      <Filter>Source Files</Filter>
    </ClCompile>
    <ClCompile Include="F:\obs-studio\plugins\obs-filters\noise-suppress-filter.c">
      <Filter>Source Files</Filter>
    </ClCompile>
  </ItemGroup>
  <ItemGroup>
    <ClInclude Include="F:\obs-studio\vsbuild\plugins\obs-filters\config\obs-filters-config.h">
      <Filter>Header Files</Filter>
    </ClInclude>
  </ItemGroup>
  <ItemGroup>
    <CustomBuild Include="F:\obs-studio\plugins\obs-filters\CMakeLists.txt" />
  </ItemGroup>
  <ItemGroup>
    <Filter Include="Header Files">
      <UniqueIdentifier>{968E2936-33D8-30CF-B275-F7AF31F145D0}</UniqueIdentifier>
    </Filter>
    <Filter Include="Source Files">
      <UniqueIdentifier>{BAE9B2A1-A973-37CF-877F-11FEA875FA98}</UniqueIdentifier>
    </Filter>
  </ItemGroup>
</Project>
